<?xml version="1.0" encoding="utf-8"?>
<Project ToolsVersion="4.0" xmlns="http://schemas.microsoft.com/developer/msbuild/2003">
  <ItemGroup>
    <Filter Include="Source Files">
      <UniqueIdentifier>{3155db7d-9d7d-42d5-b4d0-284a26fcde70}</UniqueIdentifier>
      <Extensions>cpp;c;cxx;rc;def;r;odl;idl;hpj;bat</Extensions>
    </Filter>
    <Filter Include="Header Files">
      <UniqueIdentifier>{a1dd4ad1-a9f3-4a6b-bbc4-f987e4a06435}</UniqueIdentifier>
      <Extensions>h;hpp;hxx;hm;inl</Extensions>
    </Filter>
    <Filter Include="Resource Files">
      <UniqueIdentifier>{a73ecd39-d098-4bc7-949c-d21ab3d25851}</UniqueIdentifier>
      <Extensions>ico;cur;bmp;dlg;rc2;rct;bin;rgs;gif;jpg;jpeg;jpe</Extensions>
    </Filter>
  </ItemGroup>
  <ItemGroup>
    <ClCompile Include="sampvid.cpp">
      <Filter>Source Files</Filter>
    </ClCompile>
    <ClCompile Include="videotxt.cpp">
      <Filter>Source Files</Filter>
    </ClCompile>
    <ClCompile Include="vidprop.cpp">
      <Filter>Source Files</Filter>
    </ClCompile>
  </ItemGroup>
  <ItemGroup>
    <ResourceCompile Include="sampvid.rc">
      <Filter>Source Files</Filter>
    </ResourceCompile>
  </ItemGroup>
  <ItemGroup>
    <ClInclude Include="sampvid.h">
      <Filter>Header Files</Filter>
    </ClInclude>
    <ClInclude Include="vidprop.h">
      <Filter>Header Files</Filter>
    </ClInclude>
  </ItemGroup>
  <ItemGroup>
    <CustomBuild Include="sampvid.def">
      <Filter>Source Files</Filter>
    </CustomBuild>
  </ItemGroup>
</Project>