Microsoft Visual Studio Solution File, Format Version 7.00
Project("{8BC9CEB8-8B4A-11D0-8D11-00A0C91BC942}") = "Billboard", "billboard\Billboard.vcproj", "{8FEC3CB5-CE11-480C-9455-D51B9D115D5E}"
EndProject
Project("{8BC9CEB8-8B4A-11D0-8D11-00A0C91BC942}") = "BumpEarth", "BumpMapping\BumpEarth\BumpEarth.vcproj", "{3A68081D-E8F9-4523-9436-530DE9E55302}"
EndProject
Project("{8BC9CEB8-8B4A-11D0-8D11-00A0C91BC942}") = "BumpLens", "BumpMapping\BumpLens\BumpLens.vcproj", "{3A68081D-E8F9-4523-9436-530DE9E55303}"
EndProject
Project("{8BC9CEB8-8B4A-11D0-8D11-00A0C91BC942}") = "BumpSelfShadow", "BumpMapping\BumpSelfShadow\BumpSelfShadow.vcproj", "{3A68081D-E8F9-4523-9436-530DE9E55304}"
EndProject
Project("{8BC9CEB8-8B4A-11D0-8D11-00A0C91BC942}") = "BumpUnderWater", "BumpMapping\BumpUnderWater\BumpUnderWater.vcproj", "{3A68081D-E8F9-4523-9436-530DE9E55305}"
EndProject
Project("{8BC9CEB8-8B4A-11D0-8D11-00A0C91BC942}") = "BumpWaves", "BumpMapping\BumpWaves\BumpWaves.vcproj", "{3A68081D-E8F9-4523-9436-530DE9E55306}"
EndProject
Project("{8BC9CEB8-8B4A-11D0-8D11-00A0C91BC942}") = "DotProduct3", "BumpMapping\DotProduct3\DotProduct3.vcproj", "{3A68081D-E8F9-4523-9436-530DE9E55301}"
EndProject
Project("{8BC9CEB8-8B4A-11D0-8D11-00A0C91BC942}") = "Cull", "Cull\Cull.vcproj", "{3A68081D-E8F9-4523-9436-530DE9E552F7}"
EndProject
Project("{8BC9CEB8-8B4A-11D0-8D11-00A0C91BC942}") = "DolphinVS", "DolphinVS\DolphinVS.vcproj", "{3A68081D-E8F9-4523-9436-530DE9E552F1}"
EndProject
Project("{8BC9CEB8-8B4A-11D0-8D11-00A0C91BC942}") = "CubeMap", "EnvMapping\CubeMap\CubeMap.vcproj", "{3A68081D-E8F9-4523-9436-530DE9E55307}"
EndProject
Project("{8BC9CEB8-8B4A-11D0-8D11-00A0C91BC942}") = "FishEye", "EnvMapping\FishEye\FishEye.vcproj", "{3A68081D-E8F9-4523-9436-530DE9E55308}"
EndProject
Project("{8BC9CEB8-8B4A-11D0-8D11-00A0C91BC942}") = "EnhancedMesh", "Meshes\EnhancedMesh\EnhancedMesh.vcproj", "{3A68081D-E8F9-4523-9436-530DE9E552F2}"
EndProject
Project("{8BC9CEB8-8B4A-11D0-8D11-00A0C91BC942}") = "OptimizedMesh", "Meshes\OptimizedMesh\OptimizedMesh.vcproj", "{3A68081D-E8F9-4523-9436-530DE9E552F4}"
EndProject
Project("{8BC9CEB8-8B4A-11D0-8D11-00A0C91BC942}") = "ProgressiveMesh", "Meshes\ProgressiveMesh\ProgressiveMesh.vcproj", "{3A68081D-E8F9-4523-9436-530DE9E552F7}"
EndProject
Project("{8BC9CEB8-8B4A-11D0-8D11-00A0C91BC942}") = "SkinnedMesh", "Meshes\SkinnedMesh\SkinnedMesh.vcproj", "{3A68081D-E8F9-4523-9436-530DE9E552F9}"
EndProject
Project("{8BC9CEB8-8B4A-11D0-8D11-00A0C91BC942}") = "Pick", "pick\Pick.vcproj", "{3A68081D-E8F9-4523-9436-530DE9E552F5}"
EndProject
Project("{8BC9CEB8-8B4A-11D0-8D11-00A0C91BC942}") = "PointSprites", "pointsprites\PointSprites.vcproj", "{3A68081D-E8F9-4523-9436-530DE9E552F6}"
EndProject
Project("{8BC9CEB8-8B4A-11D0-8D11-00A0C91BC942}") = "RTPatch", "RTPatch\RTPatch.vcproj", "{3A68081D-E8F9-4523-9436-530DE9E552F8}"
EndProject
Project("{8BC9CEB8-8B4A-11D0-8D11-00A0C91BC942}") = "Text3D", "text3d\Text3D.vcproj", "{3A68081D-E8F9-4523-9436-530DE9E552FA}"
EndProject
Project("{8BC9CEB8-8B4A-11D0-8D11-00A0C91BC942}") = "VolumeFog", "VolumeFog\VolumeFog.vcproj", "{3A68081D-E8F9-4523-9436-530DE9E552FD}"
EndProject
Project("{8BC9CEB8-8B4A-11D0-8D11-00A0C91BC942}") = "VolumeTexture", "VolumeTexture\VolumeTexture.vcproj", "{3A68081D-E8F9-4523-9436-530DE9E552FE}"
EndProject
Project("{8BC9CEB8-8B4A-11D0-8D11-00A0C91BC942}") = "Water", "water\Water.vcproj", "{3A68081D-E8F9-4523-9436-530DE9E552FF}"
EndProject
Project("{8BC9CEB8-8B4A-11D0-8D11-00A0C91BC942}") = "Moire", "ScreenSavers\Moire\Moire.vcproj", "{3A68081D-E8F9-4523-9436-530DE9E55300}"
EndProject
Project("{8BC9CEB8-8B4A-11D0-8D11-00A0C91BC942}") = "ShadowVolume", "StencilBuffer\ShadowVolume\ShadowVolume.vcproj", "{3A68081D-E8F9-4523-9436-530DE9E55301}"
EndProject
Project("{8BC9CEB8-8B4A-11D0-8D11-00A0C91BC942}") = "StencilMirror", "StencilBuffer\StencilMirror\StencilMirror.vcproj", "{3A68081D-E8F9-4523-9436-530DE9E55303}"
EndProject
Project("{8BC9CEB8-8B4A-11D0-8D11-00A0C91BC942}") = "ClipVolume", "ClipVolume\ClipVolume.vcproj", "{8FEC3CB5-CE11-480C-9455-D51B9D115D8E}"
EndProject
Project("{8BC9CEB8-8B4A-11D0-8D11-00A0C91BC942}") = "EffectEdit", "EffectEdit\EffectEdit.vcproj", "{B7197FB2-EC48-4F2B-9A6F-F487308E59EA}"
EndProject
Project("{8BC9CEB8-8B4A-11D0-8D11-00A0C91BC942}") = "MFCTex", "mfctex\mfctex.vcproj", "{7F34AA2C-5879-4B2F-8950-C7AE795C24F2}"
EndProject
Project("{8BC9CEB8-8B4A-11D0-8D11-00A0C91BC942}") = "dxtex", "dxtex\dxtex.vcproj", "{77DE4B17-4040-4F08-8B21-9EE90F24F077}"
EndProject
Project("{8BC9CEB8-8B4A-11D0-8D11-00A0C91BC942}") = "DepthOfField", "DepthOfField\DepthOfField.vcproj", "{9C04CC2D-C188-4443-A185-CB0BCA6ED57B}"
EndProject
Project("{8BC9CEB8-8B4A-11D0-8D11-00A0C91BC942}") = "Fur", "Fur\Fur.vcproj", "{9F2D19C9-F6A5-407D-94EE-645E4F898FA3}"
EndProject
Project("{8BC9CEB8-8B4A-11D0-8D11-00A0C91BC942}") = "LightingVS", "LightingVS\LightingVS.vcproj", "{3A68081D-E8F9-4523-9436-530DE9E552F0}"
EndProject
Project("{8BC9CEB8-8B4A-11D0-8D11-00A0C91BC942}") = "CreateDevice", "tutorials\Tut01_CreateDevice\CreateDevice.vcproj", "{3A68081D-E8F9-4523-9436-530DE9E5530A}"
EndProject
Project("{8BC9CEB8-8B4A-11D0-8D11-00A0C91BC942}") = "Vertices", "tutorials\Tut02_Vertices\Vertices.vcproj", "{3A68081D-E8F9-4523-9436-530DE9E5530B}"
EndProject
Project("{8BC9CEB8-8B4A-11D0-8D11-00A0C91BC942}") = "Matrices", "tutorials\Tut03_Matrices\Matrices.vcproj", "{3A68081D-E8F9-4523-9436-530DE9E5530C}"
EndProject
Project("{8BC9CEB8-8B4A-11D0-8D11-00A0C91BC942}") = "Lights", "tutorials\Tut04_Lights\Lights.vcproj", "{3A68081D-E8F9-4523-9436-530DE9E5530D}"
EndProject
Project("{8BC9CEB8-8B4A-11D0-8D11-00A0C91BC942}") = "Textures", "tutorials\Tut05_Textures\Textures.vcproj", "{3A68081D-E8F9-4523-9436-530DE9E5530E}"
EndProject
Project("{8BC9CEB8-8B4A-11D0-8D11-00A0C91BC942}") = "Meshes", "tutorials\Tut06_Meshes\Meshes.vcproj", "{3A68081D-E8F9-4523-9436-530DE9E5530F}"
EndProject
Project("{8BC9CEB8-8B4A-11D0-8D11-00A0C91BC942}") = "MultiAnimation", "MultiAnimation\MultiAnimation.vcproj", "{FD1377CF-4FE1-4741-842F-DBCF852C9CBD}"
EndProject
Project("{8BC9CEB8-8B4A-11D0-8D11-00A0C91BC942}") = "BasicHLSL", "BasicHLSL\BasicHLSL.vcproj", "{3A68081D-E8F9-4523-9436-530DE9E552FC}"
EndProject
Project("{8BC9CEB8-8B4A-11D0-8D11-00A0C91BC942}") = "Blobs", "Blobs\Blobs.vcproj", "{E6DFF553-5739-40F2-9852-BF0655B8B237}"
EndProject
Project("{8BC9CEB8-8B4A-11D0-8D11-00A0C91BC942}") = "HDRLighting", "HDRLighting\HDRLighting.vcproj", "{946C1C25-A098-4BC2-93A8-89C76BDE35E6}"
EndProject
Project("{8BC9CEB8-8B4A-11D0-8D11-00A0C91BC942}") = "PixelMotionBlur", "PixelMotionBlur\PixelMotionBlur.vcproj", "{9C04CC2D-C188-4443-A185-CB0BCA6ED98D}"
EndProject
Project("{8BC9CEB8-8B4A-11D0-8D11-00A0C91BC942}") = "SHPRTVertex", "SHPRTVertex\SHPRTVertex.vcproj", "{9C04CC2D-C188-4443-A185-CB0BCA6ED98D}"
EndProject
Project("{8BC9CEB8-8B4A-11D0-8D11-00A0C91BC942}") = "SHIrradianceEnvMap", "SHIrradianceEnvMap\SHIrradianceEnvMap.vcproj", "{9C04CC2D-C188-4443-A185-CB0BCA6ED98D}"
EndProject
Project("{8BC9CEB8-8B4A-11D0-8D11-00A0C91BC942}") = "HDRCubeMap", "HDRCubeMap\HDRCubeMap.vcproj", "{B88DFC02-3FCB-4829-83F5-BACD35D25169}"
EndProject
Project("{8BC9CEB8-8B4A-11D0-8D11-00A0C91BC942}") = "CompiledEffect", "CompiledEffect\CompiledEffect.vcproj", "{9C04CC2D-C188-4443-A185-CB0BCA6ED98D}"
EndProject
Project("{8BC9CEB8-8B4A-11D0-8D11-00A0C91BC942}") = "HLSLwithoutEffects", "HLSLwithoutEffects\HLSLwithoutEffects.vcproj", "{3A68081D-E8F9-4523-9436-530DE9E552FC}"
EndProject
Project("{8BC9CEB8-8B4A-11D0-8D11-00A0C91BC942}") = "MediaPlayerVisuals", "MediaPlayerVisuals\MediaPlayerVisuals.vcproj", "{4CF7981E-938E-4653-B898-3029032F00D1}"
EndProject
Project("{8BC9CEB8-8B4A-11D0-8D11-00A0C91BC942}") = "SHPRTPixel", "SHPRTPixel\SHPRTPixel.vcproj", "{9C04CC2D-C188-4443-A185-CB0BCA6ED98D}"
EndProject
Global
	GlobalSection(SolutionConfiguration) = preSolution
		ConfigName.0 = Debug
		ConfigName.1 = Debug Shaders
		ConfigName.2 = Debug Unicode
		ConfigName.3 = Release
		ConfigName.4 = Release Unicode
		ConfigName.5 = Unicode Debug
		ConfigName.6 = Unicode Debug Shaders
		ConfigName.7 = Unicode Release
	EndGlobalSection
	GlobalSection(ProjectDependencies) = postSolution
	EndGlobalSection
	GlobalSection(ProjectConfiguration) = postSolution
		{8FEC3CB5-CE11-480C-9455-D51B9D115D5E}.Debug.ActiveCfg = Debug|Win32
		{8FEC3CB5-CE11-480C-9455-D51B9D115D5E}.Debug.Build.0 = Debug|Win32
		{8FEC3CB5-CE11-480C-9455-D51B9D115D5E}.Debug Shaders.ActiveCfg = Debug|Win32
		{8FEC3CB5-CE11-480C-9455-D51B9D115D5E}.Debug Shaders.Build.0 = Debug|Win32
		{8FEC3CB5-CE11-480C-9455-D51B9D115D5E}.Debug Unicode.ActiveCfg = Debug|Win32
		{8FEC3CB5-CE11-480C-9455-D51B9D115D5E}.Debug Unicode.Build.0 = Debug|Win32
		{8FEC3CB5-CE11-480C-9455-D51B9D115D5E}.Release.ActiveCfg = Release|Win32
		{8FEC3CB5-CE11-480C-9455-D51B9D115D5E}.Release.Build.0 = Release|Win32
		{8FEC3CB5-CE11-480C-9455-D51B9D115D5E}.Release Unicode.ActiveCfg = Release|Win32
		{8FEC3CB5-CE11-480C-9455-D51B9D115D5E}.Release Unicode.Build.0 = Release|Win32
		{8FEC3CB5-CE11-480C-9455-D51B9D115D5E}.Unicode Debug.ActiveCfg = Debug|Win32
		{8FEC3CB5-CE11-480C-9455-D51B9D115D5E}.Unicode Debug.Build.0 = Debug|Win32
		{8FEC3CB5-CE11-480C-9455-D51B9D115D5E}.Unicode Debug Shaders.ActiveCfg = Debug|Win32
		{8FEC3CB5-CE11-480C-9455-D51B9D115D5E}.Unicode Debug Shaders.Build.0 = Debug|Win32
		{8FEC3CB5-CE11-480C-9455-D51B9D115D5E}.Unicode Release.ActiveCfg = Release|Win32
		{8FEC3CB5-CE11-480C-9455-D51B9D115D5E}.Unicode Release.Build.0 = Release|Win32
		{3A68081D-E8F9-4523-9436-530DE9E55302}.Debug.ActiveCfg = Debug|Win32
		{3A68081D-E8F9-4523-9436-530DE9E55302}.Debug.Build.0 = Debug|Win32
		{3A68081D-E8F9-4523-9436-530DE9E55302}.Debug Shaders.ActiveCfg = Debug|Win32
		{3A68081D-E8F9-4523-9436-530DE9E55302}.Debug Shaders.Build.0 = Debug|Win32
		{3A68081D-E8F9-4523-9436-530DE9E55302}.Debug Unicode.ActiveCfg = Debug|Win32
		{3A68081D-E8F9-4523-9436-530DE9E55302}.Debug Unicode.Build.0 = Debug|Win32
		{3A68081D-E8F9-4523-9436-530DE9E55302}.Release.ActiveCfg = Release|Win32
		{3A68081D-E8F9-4523-9436-530DE9E55302}.Release.Build.0 = Release|Win32
		{3A68081D-E8F9-4523-9436-530DE9E55302}.Release Unicode.ActiveCfg = Release|Win32
		{3A68081D-E8F9-4523-9436-530DE9E55302}.Release Unicode.Build.0 = Release|Win32
		{3A68081D-E8F9-4523-9436-530DE9E55302}.Unicode Debug.ActiveCfg = Debug|Win32
		{3A68081D-E8F9-4523-9436-530DE9E55302}.Unicode Debug.Build.0 = Debug|Win32
		{3A68081D-E8F9-4523-9436-530DE9E55302}.Unicode Debug Shaders.ActiveCfg = Debug|Win32
		{3A68081D-E8F9-4523-9436-530DE9E55302}.Unicode Debug Shaders.Build.0 = Debug|Win32
		{3A68081D-E8F9-4523-9436-530DE9E55302}.Unicode Release.ActiveCfg = Release|Win32
		{3A68081D-E8F9-4523-9436-530DE9E55302}.Unicode Release.Build.0 = Release|Win32
		{3A68081D-E8F9-4523-9436-530DE9E55303}.Debug.ActiveCfg = Debug|Win32
		{3A68081D-E8F9-4523-9436-530DE9E55303}.Debug.Build.0 = Debug|Win32
		{3A68081D-E8F9-4523-9436-530DE9E55303}.Debug Shaders.ActiveCfg = Debug|Win32
		{3A68081D-E8F9-4523-9436-530DE9E55303}.Debug Shaders.Build.0 = Debug|Win32
		{3A68081D-E8F9-4523-9436-530DE9E55303}.Debug Unicode.ActiveCfg = Debug|Win32
		{3A68081D-E8F9-4523-9436-530DE9E55303}.Debug Unicode.Build.0 = Debug|Win32
		{3A68081D-E8F9-4523-9436-530DE9E55303}.Release.ActiveCfg = Release|Win32
		{3A68081D-E8F9-4523-9436-530DE9E55303}.Release.Build.0 = Release|Win32
		{3A68081D-E8F9-4523-9436-530DE9E55303}.Release Unicode.ActiveCfg = Release|Win32
		{3A68081D-E8F9-4523-9436-530DE9E55303}.Release Unicode.Build.0 = Release|Win32
		{3A68081D-E8F9-4523-9436-530DE9E55303}.Unicode Debug.ActiveCfg = Debug|Win32
		{3A68081D-E8F9-4523-9436-530DE9E55303}.Unicode Debug.Build.0 = Debug|Win32
		{3A68081D-E8F9-4523-9436-530DE9E55303}.Unicode Debug Shaders.ActiveCfg = Debug|Win32
		{3A68081D-E8F9-4523-9436-530DE9E55303}.Unicode Debug Shaders.Build.0 = Debug|Win32
		{3A68081D-E8F9-4523-9436-530DE9E55303}.Unicode Release.ActiveCfg = Release|Win32
		{3A68081D-E8F9-4523-9436-530DE9E55303}.Unicode Release.Build.0 = Release|Win32
		{3A68081D-E8F9-4523-9436-530DE9E55304}.Debug.ActiveCfg = Debug|Win32
		{3A68081D-E8F9-4523-9436-530DE9E55304}.Debug.Build.0 = Debug|Win32
		{3A68081D-E8F9-4523-9436-530DE9E55304}.Debug Shaders.ActiveCfg = Debug|Win32
		{3A68081D-E8F9-4523-9436-530DE9E55304}.Debug Shaders.Build.0 = Debug|Win32
		{3A68081D-E8F9-4523-9436-530DE9E55304}.Debug Unicode.ActiveCfg = Debug|Win32
		{3A68081D-E8F9-4523-9436-530DE9E55304}.Debug Unicode.Build.0 = Debug|Win32
		{3A68081D-E8F9-4523-9436-530DE9E55304}.Release.ActiveCfg = Release|Win32
		{3A68081D-E8F9-4523-9436-530DE9E55304}.Release.Build.0 = Release|Win32
		{3A68081D-E8F9-4523-9436-530DE9E55304}.Release Unicode.ActiveCfg = Release|Win32
		{3A68081D-E8F9-4523-9436-530DE9E55304}.Release Unicode.Build.0 = Release|Win32
		{3A68081D-E8F9-4523-9436-530DE9E55304}.Unicode Debug.ActiveCfg = Debug|Win32
		{3A68081D-E8F9-4523-9436-530DE9E55304}.Unicode Debug.Build.0 = Debug|Win32
		{3A68081D-E8F9-4523-9436-530DE9E55304}.Unicode Debug Shaders.ActiveCfg = Debug|Win32
		{3A68081D-E8F9-4523-9436-530DE9E55304}.Unicode Debug Shaders.Build.0 = Debug|Win32
		{3A68081D-E8F9-4523-9436-530DE9E55304}.Unicode Release.ActiveCfg = Release|Win32
		{3A68081D-E8F9-4523-9436-530DE9E55304}.Unicode Release.Build.0 = Release|Win32
		{3A68081D-E8F9-4523-9436-530DE9E55305}.Debug.ActiveCfg = Debug|Win32
		{3A68081D-E8F9-4523-9436-530DE9E55305}.Debug.Build.0 = Debug|Win32
		{3A68081D-E8F9-4523-9436-530DE9E55305}.Debug Shaders.ActiveCfg = Debug|Win32
		{3A68081D-E8F9-4523-9436-530DE9E55305}.Debug Shaders.Build.0 = Debug|Win32
		{3A68081D-E8F9-4523-9436-530DE9E55305}.Debug Unicode.ActiveCfg = Debug|Win32
		{3A68081D-E8F9-4523-9436-530DE9E55305}.Debug Unicode.Build.0 = Debug|Win32
		{3A68081D-E8F9-4523-9436-530DE9E55305}.Release.ActiveCfg = Release|Win32
		{3A68081D-E8F9-4523-9436-530DE9E55305}.Release.Build.0 = Release|Win32
		{3A68081D-E8F9-4523-9436-530DE9E55305}.Release Unicode.ActiveCfg = Release|Win32
		{3A68081D-E8F9-4523-9436-530DE9E55305}.Release Unicode.Build.0 = Release|Win32
		{3A68081D-E8F9-4523-9436-530DE9E55305}.Unicode Debug.ActiveCfg = Debug|Win32
		{3A68081D-E8F9-4523-9436-530DE9E55305}.Unicode Debug.Build.0 = Debug|Win32
		{3A68081D-E8F9-4523-9436-530DE9E55305}.Unicode Debug Shaders.ActiveCfg = Debug|Win32
		{3A68081D-E8F9-4523-9436-530DE9E55305}.Unicode Debug Shaders.Build.0 = Debug|Win32
		{3A68081D-E8F9-4523-9436-530DE9E55305}.Unicode Release.ActiveCfg = Release|Win32
		{3A68081D-E8F9-4523-9436-530DE9E55305}.Unicode Release.Build.0 = Release|Win32
		{3A68081D-E8F9-4523-9436-530DE9E55306}.Debug.ActiveCfg = Debug|Win32
		{3A68081D-E8F9-4523-9436-530DE9E55306}.Debug.Build.0 = Debug|Win32
		{3A68081D-E8F9-4523-9436-530DE9E55306}.Debug Shaders.ActiveCfg = Debug|Win32
		{3A68081D-E8F9-4523-9436-530DE9E55306}.Debug Shaders.Build.0 = Debug|Win32
		{3A68081D-E8F9-4523-9436-530DE9E55306}.Debug Unicode.ActiveCfg = Debug|Win32
		{3A68081D-E8F9-4523-9436-530DE9E55306}.Debug Unicode.Build.0 = Debug|Win32
		{3A68081D-E8F9-4523-9436-530DE9E55306}.Release.ActiveCfg = Release|Win32
		{3A68081D-E8F9-4523-9436-530DE9E55306}.Release.Build.0 = Release|Win32
		{3A68081D-E8F9-4523-9436-530DE9E55306}.Release Unicode.ActiveCfg = Release|Win32
		{3A68081D-E8F9-4523-9436-530DE9E55306}.Release Unicode.Build.0 = Release|Win32
		{3A68081D-E8F9-4523-9436-530DE9E55306}.Unicode Debug.ActiveCfg = Debug|Win32
		{3A68081D-E8F9-4523-9436-530DE9E55306}.Unicode Debug.Build.0 = Debug|Win32
		{3A68081D-E8F9-4523-9436-530DE9E55306}.Unicode Debug Shaders.ActiveCfg = Debug|Win32
		{3A68081D-E8F9-4523-9436-530DE9E55306}.Unicode Debug Shaders.Build.0 = Debug|Win32
		{3A68081D-E8F9-4523-9436-530DE9E55306}.Unicode Release.ActiveCfg = Release|Win32
		{3A68081D-E8F9-4523-9436-530DE9E55306}.Unicode Release.Build.0 = Release|Win32
		{3A68081D-E8F9-4523-9436-530DE9E55301}.Debug.ActiveCfg = Debug|Win32
		{3A68081D-E8F9-4523-9436-530DE9E55301}.Debug.Build.0 = Debug|Win32
		{3A68081D-E8F9-4523-9436-530DE9E55301}.Debug Shaders.ActiveCfg = Debug|Win32
		{3A68081D-E8F9-4523-9436-530DE9E55301}.Debug Shaders.Build.0 = Debug|Win32
		{3A68081D-E8F9-4523-9436-530DE9E55301}.Debug Unicode.ActiveCfg = Debug|Win32
		{3A68081D-E8F9-4523-9436-530DE9E55301}.Debug Unicode.Build.0 = Debug|Win32
		{3A68081D-E8F9-4523-9436-530DE9E55301}.Release.ActiveCfg = Release|Win32
		{3A68081D-E8F9-4523-9436-530DE9E55301}.Release.Build.0 = Release|Win32
		{3A68081D-E8F9-4523-9436-530DE9E55301}.Release Unicode.ActiveCfg = Release|Win32
		{3A68081D-E8F9-4523-9436-530DE9E55301}.Release Unicode.Build.0 = Release|Win32
		{3A68081D-E8F9-4523-9436-530DE9E55301}.Unicode Debug.ActiveCfg = Debug|Win32
		{3A68081D-E8F9-4523-9436-530DE9E55301}.Unicode Debug.Build.0 = Debug|Win32
		{3A68081D-E8F9-4523-9436-530DE9E55301}.Unicode Debug Shaders.ActiveCfg = Debug|Win32
		{3A68081D-E8F9-4523-9436-530DE9E55301}.Unicode Debug Shaders.Build.0 = Debug|Win32
		{3A68081D-E8F9-4523-9436-530DE9E55301}.Unicode Release.ActiveCfg = Release|Win32
		{3A68081D-E8F9-4523-9436-530DE9E55301}.Unicode Release.Build.0 = Release|Win32
		{3A68081D-E8F9-4523-9436-530DE9E552F7}.Debug.ActiveCfg = Debug|Win32
		{3A68081D-E8F9-4523-9436-530DE9E552F7}.Debug.Build.0 = Debug|Win32
		{3A68081D-E8F9-4523-9436-530DE9E552F7}.Debug Shaders.ActiveCfg = Debug|Win32
		{3A68081D-E8F9-4523-9436-530DE9E552F7}.Debug Shaders.Build.0 = Debug|Win32
		{3A68081D-E8F9-4523-9436-530DE9E552F7}.Debug Unicode.ActiveCfg = Debug Unicode|Win32
		{3A68081D-E8F9-4523-9436-530DE9E552F7}.Debug Unicode.Build.0 = Debug Unicode|Win32
		{3A68081D-E8F9-4523-9436-530DE9E552F7}.Release.ActiveCfg = Release|Win32
		{3A68081D-E8F9-4523-9436-530DE9E552F7}.Release.Build.0 = Release|Win32
		{3A68081D-E8F9-4523-9436-530DE9E552F7}.Release Unicode.ActiveCfg = Release Unicode|Win32
		{3A68081D-E8F9-4523-9436-530DE9E552F7}.Release Unicode.Build.0 = Release Unicode|Win32
		{3A68081D-E8F9-4523-9436-530DE9E552F7}.Unicode Debug.ActiveCfg = Debug|Win32
		{3A68081D-E8F9-4523-9436-530DE9E552F7}.Unicode Debug.Build.0 = Debug|Win32
		{3A68081D-E8F9-4523-9436-530DE9E552F7}.Unicode Debug Shaders.ActiveCfg = Debug|Win32
		{3A68081D-E8F9-4523-9436-530DE9E552F7}.Unicode Debug Shaders.Build.0 = Debug|Win32
		{3A68081D-E8F9-4523-9436-530DE9E552F7}.Unicode Release.ActiveCfg = Release|Win32
		{3A68081D-E8F9-4523-9436-530DE9E552F7}.Unicode Release.Build.0 = Release|Win32
		{3A68081D-E8F9-4523-9436-530DE9E552F1}.Debug.ActiveCfg = Debug|Win32
		{3A68081D-E8F9-4523-9436-530DE9E552F1}.Debug.Build.0 = Debug|Win32
		{3A68081D-E8F9-4523-9436-530DE9E552F1}.Debug Shaders.ActiveCfg = Debug|Win32
		{3A68081D-E8F9-4523-9436-530DE9E552F1}.Debug Shaders.Build.0 = Debug|Win32
		{3A68081D-E8F9-4523-9436-530DE9E552F1}.Debug Unicode.ActiveCfg = Debug|Win32
		{3A68081D-E8F9-4523-9436-530DE9E552F1}.Debug Unicode.Build.0 = Debug|Win32
		{3A68081D-E8F9-4523-9436-530DE9E552F1}.Release.ActiveCfg = Release|Win32
		{3A68081D-E8F9-4523-9436-530DE9E552F1}.Release.Build.0 = Release|Win32
		{3A68081D-E8F9-4523-9436-530DE9E552F1}.Release Unicode.ActiveCfg = Release|Win32
		{3A68081D-E8F9-4523-9436-530DE9E552F1}.Release Unicode.Build.0 = Release|Win32
		{3A68081D-E8F9-4523-9436-530DE9E552F1}.Unicode Debug.ActiveCfg = Debug|Win32
		{3A68081D-E8F9-4523-9436-530DE9E552F1}.Unicode Debug.Build.0 = Debug|Win32
		{3A68081D-E8F9-4523-9436-530DE9E552F1}.Unicode Debug Shaders.ActiveCfg = Debug|Win32
		{3A68081D-E8F9-4523-9436-530DE9E552F1}.Unicode Debug Shaders.Build.0 = Debug|Win32
		{3A68081D-E8F9-4523-9436-530DE9E552F1}.Unicode Release.ActiveCfg = Release|Win32
		{3A68081D-E8F9-4523-9436-530DE9E552F1}.Unicode Release.Build.0 = Release|Win32
		{3A68081D-E8F9-4523-9436-530DE9E55307}.Debug.ActiveCfg = Debug|Win32
		{3A68081D-E8F9-4523-9436-530DE9E55307}.Debug.Build.0 = Debug|Win32
		{3A68081D-E8F9-4523-9436-530DE9E55307}.Debug Shaders.ActiveCfg = Debug|Win32
		{3A68081D-E8F9-4523-9436-530DE9E55307}.Debug Shaders.Build.0 = Debug|Win32
		{3A68081D-E8F9-4523-9436-530DE9E55307}.Debug Unicode.ActiveCfg = Debug|Win32
		{3A68081D-E8F9-4523-9436-530DE9E55307}.Debug Unicode.Build.0 = Debug|Win32
		{3A68081D-E8F9-4523-9436-530DE9E55307}.Release.ActiveCfg = Release|Win32
		{3A68081D-E8F9-4523-9436-530DE9E55307}.Release.Build.0 = Release|Win32
		{3A68081D-E8F9-4523-9436-530DE9E55307}.Release Unicode.ActiveCfg = Release|Win32
		{3A68081D-E8F9-4523-9436-530DE9E55307}.Release Unicode.Build.0 = Release|Win32
		{3A68081D-E8F9-4523-9436-530DE9E55307}.Unicode Debug.ActiveCfg = Debug|Win32
		{3A68081D-E8F9-4523-9436-530DE9E55307}.Unicode Debug.Build.0 = Debug|Win32
		{3A68081D-E8F9-4523-9436-530DE9E55307}.Unicode Debug Shaders.ActiveCfg = Debug|Win32
		{3A68081D-E8F9-4523-9436-530DE9E55307}.Unicode Debug Shaders.Build.0 = Debug|Win32
		{3A68081D-E8F9-4523-9436-530DE9E55307}.Unicode Release.ActiveCfg = Release|Win32
		{3A68081D-E8F9-4523-9436-530DE9E55307}.Unicode Release.Build.0 = Release|Win32
		{3A68081D-E8F9-4523-9436-530DE9E55308}.Debug.ActiveCfg = Debug|Win32
		{3A68081D-E8F9-4523-9436-530DE9E55308}.Debug.Build.0 = Debug|Win32
		{3A68081D-E8F9-4523-9436-530DE9E55308}.Debug Shaders.ActiveCfg = Debug|Win32
		{3A68081D-E8F9-4523-9436-530DE9E55308}.Debug Shaders.Build.0 = Debug|Win32
		{3A68081D-E8F9-4523-9436-530DE9E55308}.Debug Unicode.ActiveCfg = Debug|Win32
		{3A68081D-E8F9-4523-9436-530DE9E55308}.Debug Unicode.Build.0 = Debug|Win32
		{3A68081D-E8F9-4523-9436-530DE9E55308}.Release.ActiveCfg = Release|Win32
		{3A68081D-E8F9-4523-9436-530DE9E55308}.Release.Build.0 = Release|Win32
		{3A68081D-E8F9-4523-9436-530DE9E55308}.Release Unicode.ActiveCfg = Release|Win32
		{3A68081D-E8F9-4523-9436-530DE9E55308}.Release Unicode.Build.0 = Release|Win32
		{3A68081D-E8F9-4523-9436-530DE9E55308}.Unicode Debug.ActiveCfg = Debug|Win32
		{3A68081D-E8F9-4523-9436-530DE9E55308}.Unicode Debug.Build.0 = Debug|Win32
		{3A68081D-E8F9-4523-9436-530DE9E55308}.Unicode Debug Shaders.ActiveCfg = Debug|Win32
		{3A68081D-E8F9-4523-9436-530DE9E55308}.Unicode Debug Shaders.Build.0 = Debug|Win32
		{3A68081D-E8F9-4523-9436-530DE9E55308}.Unicode Release.ActiveCfg = Release|Win32
		{3A68081D-E8F9-4523-9436-530DE9E55308}.Unicode Release.Build.0 = Release|Win32
		{3A68081D-E8F9-4523-9436-530DE9E552F2}.Debug.ActiveCfg = Debug|Win32
		{3A68081D-E8F9-4523-9436-530DE9E552F2}.Debug.Build.0 = Debug|Win32
		{3A68081D-E8F9-4523-9436-530DE9E552F2}.Debug Shaders.ActiveCfg = Debug Unicode|Win32
		{3A68081D-E8F9-4523-9436-530DE9E552F2}.Debug Shaders.Build.0 = Debug Unicode|Win32
		{3A68081D-E8F9-4523-9436-530DE9E552F2}.Debug Unicode.ActiveCfg = Debug Unicode|Win32
		{3A68081D-E8F9-4523-9436-530DE9E552F2}.Debug Unicode.Build.0 = Debug Unicode|Win32
		{3A68081D-E8F9-4523-9436-530DE9E552F2}.Release.ActiveCfg = Release|Win32
		{3A68081D-E8F9-4523-9436-530DE9E552F2}.Release.Build.0 = Release|Win32
		{3A68081D-E8F9-4523-9436-530DE9E552F2}.Release Unicode.ActiveCfg = Release Unicode|Win32
		{3A68081D-E8F9-4523-9436-530DE9E552F2}.Release Unicode.Build.0 = Release Unicode|Win32
		{3A68081D-E8F9-4523-9436-530DE9E552F2}.Unicode Debug.ActiveCfg = Debug|Win32
		{3A68081D-E8F9-4523-9436-530DE9E552F2}.Unicode Debug.Build.0 = Debug|Win32
		{3A68081D-E8F9-4523-9436-530DE9E552F2}.Unicode Debug Shaders.ActiveCfg = Debug|Win32
		{3A68081D-E8F9-4523-9436-530DE9E552F2}.Unicode Debug Shaders.Build.0 = Debug|Win32
		{3A68081D-E8F9-4523-9436-530DE9E552F2}.Unicode Release.ActiveCfg = Release|Win32
		{3A68081D-E8F9-4523-9436-530DE9E552F2}.Unicode Release.Build.0 = Release|Win32
		{3A68081D-E8F9-4523-9436-530DE9E552F4}.Debug.ActiveCfg = Debug|Win32
		{3A68081D-E8F9-4523-9436-530DE9E552F4}.Debug.Build.0 = Debug|Win32
		{3A68081D-E8F9-4523-9436-530DE9E552F4}.Debug Shaders.ActiveCfg = Debug Unicode|Win32
		{3A68081D-E8F9-4523-9436-530DE9E552F4}.Debug Shaders.Build.0 = Debug Unicode|Win32
		{3A68081D-E8F9-4523-9436-530DE9E552F4}.Debug Unicode.ActiveCfg = Debug Unicode|Win32
		{3A68081D-E8F9-4523-9436-530DE9E552F4}.Debug Unicode.Build.0 = Debug Unicode|Win32
		{3A68081D-E8F9-4523-9436-530DE9E552F4}.Release.ActiveCfg = Release|Win32
		{3A68081D-E8F9-4523-9436-530DE9E552F4}.Release.Build.0 = Release|Win32
		{3A68081D-E8F9-4523-9436-530DE9E552F4}.Release Unicode.ActiveCfg = Release Unicode|Win32
		{3A68081D-E8F9-4523-9436-530DE9E552F4}.Release Unicode.Build.0 = Release Unicode|Win32
		{3A68081D-E8F9-4523-9436-530DE9E552F4}.Unicode Debug.ActiveCfg = Debug|Win32
		{3A68081D-E8F9-4523-9436-530DE9E552F4}.Unicode Debug.Build.0 = Debug|Win32
		{3A68081D-E8F9-4523-9436-530DE9E552F4}.Unicode Debug Shaders.ActiveCfg = Debug|Win32
		{3A68081D-E8F9-4523-9436-530DE9E552F4}.Unicode Debug Shaders.Build.0 = Debug|Win32
		{3A68081D-E8F9-4523-9436-530DE9E552F4}.Unicode Release.ActiveCfg = Release|Win32
		{3A68081D-E8F9-4523-9436-530DE9E552F4}.Unicode Release.Build.0 = Release|Win32
		{3A68081D-E8F9-4523-9436-530DE9E552F7}.Debug.ActiveCfg = Debug|Win32
		{3A68081D-E8F9-4523-9436-530DE9E552F7}.Debug.Build.0 = Debug|Win32
		{3A68081D-E8F9-4523-9436-530DE9E552F7}.Debug Shaders.ActiveCfg = Debug Unicode|Win32
		{3A68081D-E8F9-4523-9436-530DE9E552F7}.Debug Shaders.Build.0 = Debug Unicode|Win32
		{3A68081D-E8F9-4523-9436-530DE9E552F7}.Debug Unicode.ActiveCfg = Debug Unicode|Win32
		{3A68081D-E8F9-4523-9436-530DE9E552F7}.Debug Unicode.Build.0 = Debug Unicode|Win32
		{3A68081D-E8F9-4523-9436-530DE9E552F7}.Release.ActiveCfg = Release|Win32
		{3A68081D-E8F9-4523-9436-530DE9E552F7}.Release.Build.0 = Release|Win32
		{3A68081D-E8F9-4523-9436-530DE9E552F7}.Release Unicode.ActiveCfg = Release Unicode|Win32
		{3A68081D-E8F9-4523-9436-530DE9E552F7}.Release Unicode.Build.0 = Release Unicode|Win32
		{3A68081D-E8F9-4523-9436-530DE9E552F7}.Unicode Debug.ActiveCfg = Debug|Win32
		{3A68081D-E8F9-4523-9436-530DE9E552F7}.Unicode Debug.Build.0 = Debug|Win32
		{3A68081D-E8F9-4523-9436-530DE9E552F7}.Unicode Debug Shaders.ActiveCfg = Debug|Win32
		{3A68081D-E8F9-4523-9436-530DE9E552F7}.Unicode Debug Shaders.Build.0 = Debug|Win32
		{3A68081D-E8F9-4523-9436-530DE9E552F7}.Unicode Release.ActiveCfg = Release|Win32
		{3A68081D-E8F9-4523-9436-530DE9E552F7}.Unicode Release.Build.0 = Release|Win32
		{3A68081D-E8F9-4523-9436-530DE9E552F9}.Debug.ActiveCfg = Debug|Win32
		{3A68081D-E8F9-4523-9436-530DE9E552F9}.Debug.Build.0 = Debug|Win32
		{3A68081D-E8F9-4523-9436-530DE9E552F9}.Debug Shaders.ActiveCfg = Debug Unicode|Win32
		{3A68081D-E8F9-4523-9436-530DE9E552F9}.Debug Shaders.Build.0 = Debug Unicode|Win32
		{3A68081D-E8F9-4523-9436-530DE9E552F9}.Debug Unicode.ActiveCfg = Debug Unicode|Win32
		{3A68081D-E8F9-4523-9436-530DE9E552F9}.Debug Unicode.Build.0 = Debug Unicode|Win32
		{3A68081D-E8F9-4523-9436-530DE9E552F9}.Release.ActiveCfg = Release|Win32
		{3A68081D-E8F9-4523-9436-530DE9E552F9}.Release.Build.0 = Release|Win32
		{3A68081D-E8F9-4523-9436-530DE9E552F9}.Release Unicode.ActiveCfg = Release Unicode|Win32
		{3A68081D-E8F9-4523-9436-530DE9E552F9}.Release Unicode.Build.0 = Release Unicode|Win32
		{3A68081D-E8F9-4523-9436-530DE9E552F9}.Unicode Debug.ActiveCfg = Debug|Win32
		{3A68081D-E8F9-4523-9436-530DE9E552F9}.Unicode Debug.Build.0 = Debug|Win32
		{3A68081D-E8F9-4523-9436-530DE9E552F9}.Unicode Debug Shaders.ActiveCfg = Debug|Win32
		{3A68081D-E8F9-4523-9436-530DE9E552F9}.Unicode Debug Shaders.Build.0 = Debug|Win32
		{3A68081D-E8F9-4523-9436-530DE9E552F9}.Unicode Release.ActiveCfg = Release|Win32
		{3A68081D-E8F9-4523-9436-530DE9E552F9}.Unicode Release.Build.0 = Release|Win32
		{3A68081D-E8F9-4523-9436-530DE9E552F5}.Debug.ActiveCfg = Debug|Win32
		{3A68081D-E8F9-4523-9436-530DE9E552F5}.Debug.Build.0 = Debug|Win32
		{3A68081D-E8F9-4523-9436-530DE9E552F5}.Debug Shaders.ActiveCfg = Debug Unicode|Win32
		{3A68081D-E8F9-4523-9436-530DE9E552F5}.Debug Shaders.Build.0 = Debug Unicode|Win32
		{3A68081D-E8F9-4523-9436-530DE9E552F5}.Debug Unicode.ActiveCfg = Debug Unicode|Win32
		{3A68081D-E8F9-4523-9436-530DE9E552F5}.Debug Unicode.Build.0 = Debug Unicode|Win32
		{3A68081D-E8F9-4523-9436-530DE9E552F5}.Release.ActiveCfg = Release|Win32
		{3A68081D-E8F9-4523-9436-530DE9E552F5}.Release.Build.0 = Release|Win32
		{3A68081D-E8F9-4523-9436-530DE9E552F5}.Release Unicode.ActiveCfg = Release Unicode|Win32
		{3A68081D-E8F9-4523-9436-530DE9E552F5}.Release Unicode.Build.0 = Release Unicode|Win32
		{3A68081D-E8F9-4523-9436-530DE9E552F5}.Unicode Debug.ActiveCfg = Debug|Win32
		{3A68081D-E8F9-4523-9436-530DE9E552F5}.Unicode Debug.Build.0 = Debug|Win32
		{3A68081D-E8F9-4523-9436-530DE9E552F5}.Unicode Debug Shaders.ActiveCfg = Debug|Win32
		{3A68081D-E8F9-4523-9436-530DE9E552F5}.Unicode Debug Shaders.Build.0 = Debug|Win32
		{3A68081D-E8F9-4523-9436-530DE9E552F5}.Unicode Release.ActiveCfg = Release|Win32
		{3A68081D-E8F9-4523-9436-530DE9E552F5}.Unicode Release.Build.0 = Release|Win32
		{3A68081D-E8F9-4523-9436-530DE9E552F6}.Debug.ActiveCfg = Debug|Win32
		{3A68081D-E8F9-4523-9436-530DE9E552F6}.Debug.Build.0 = Debug|Win32
		{3A68081D-E8F9-4523-9436-530DE9E552F6}.Debug Shaders.ActiveCfg = Debug|Win32
		{3A68081D-E8F9-4523-9436-530DE9E552F6}.Debug Shaders.Build.0 = Debug|Win32
		{3A68081D-E8F9-4523-9436-530DE9E552F6}.Debug Unicode.ActiveCfg = Debug|Win32
		{3A68081D-E8F9-4523-9436-530DE9E552F6}.Debug Unicode.Build.0 = Debug|Win32
		{3A68081D-E8F9-4523-9436-530DE9E552F6}.Release.ActiveCfg = Release|Win32
		{3A68081D-E8F9-4523-9436-530DE9E552F6}.Release.Build.0 = Release|Win32
		{3A68081D-E8F9-4523-9436-530DE9E552F6}.Release Unicode.ActiveCfg = Release|Win32
		{3A68081D-E8F9-4523-9436-530DE9E552F6}.Release Unicode.Build.0 = Release|Win32
		{3A68081D-E8F9-4523-9436-530DE9E552F6}.Unicode Debug.ActiveCfg = Debug|Win32
		{3A68081D-E8F9-4523-9436-530DE9E552F6}.Unicode Debug.Build.0 = Debug|Win32
		{3A68081D-E8F9-4523-9436-530DE9E552F6}.Unicode Debug Shaders.ActiveCfg = Debug|Win32
		{3A68081D-E8F9-4523-9436-530DE9E552F6}.Unicode Debug Shaders.Build.0 = Debug|Win32
		{3A68081D-E8F9-4523-9436-530DE9E552F6}.Unicode Release.ActiveCfg = Release|Win32
		{3A68081D-E8F9-4523-9436-530DE9E552F6}.Unicode Release.Build.0 = Release|Win32
		{3A68081D-E8F9-4523-9436-530DE9E552F8}.Debug.ActiveCfg = Debug|Win32
		{3A68081D-E8F9-4523-9436-530DE9E552F8}.Debug.Build.0 = Debug|Win32
		{3A68081D-E8F9-4523-9436-530DE9E552F8}.Debug Shaders.ActiveCfg = Debug|Win32
		{3A68081D-E8F9-4523-9436-530DE9E552F8}.Debug Shaders.Build.0 = Debug|Win32
		{3A68081D-E8F9-4523-9436-530DE9E552F8}.Debug Unicode.ActiveCfg = Debug|Win32
		{3A68081D-E8F9-4523-9436-530DE9E552F8}.Debug Unicode.Build.0 = Debug|Win32
		{3A68081D-E8F9-4523-9436-530DE9E552F8}.Release.ActiveCfg = Release|Win32
		{3A68081D-E8F9-4523-9436-530DE9E552F8}.Release.Build.0 = Release|Win32
		{3A68081D-E8F9-4523-9436-530DE9E552F8}.Release Unicode.ActiveCfg = Release|Win32
		{3A68081D-E8F9-4523-9436-530DE9E552F8}.Release Unicode.Build.0 = Release|Win32
		{3A68081D-E8F9-4523-9436-530DE9E552F8}.Unicode Debug.ActiveCfg = Debug|Win32
		{3A68081D-E8F9-4523-9436-530DE9E552F8}.Unicode Debug.Build.0 = Debug|Win32
		{3A68081D-E8F9-4523-9436-530DE9E552F8}.Unicode Debug Shaders.ActiveCfg = Debug|Win32
		{3A68081D-E8F9-4523-9436-530DE9E552F8}.Unicode Debug Shaders.Build.0 = Debug|Win32
		{3A68081D-E8F9-4523-9436-530DE9E552F8}.Unicode Release.ActiveCfg = Release|Win32
		{3A68081D-E8F9-4523-9436-530DE9E552F8}.Unicode Release.Build.0 = Release|Win32
		{3A68081D-E8F9-4523-9436-530DE9E552FA}.Debug.ActiveCfg = Debug|Win32
		{3A68081D-E8F9-4523-9436-530DE9E552FA}.Debug.Build.0 = Debug|Win32
		{3A68081D-E8F9-4523-9436-530DE9E552FA}.Debug Shaders.ActiveCfg = Debug Unicode|Win32
		{3A68081D-E8F9-4523-9436-530DE9E552FA}.Debug Shaders.Build.0 = Debug Unicode|Win32
		{3A68081D-E8F9-4523-9436-530DE9E552FA}.Debug Unicode.ActiveCfg = Debug Unicode|Win32
		{3A68081D-E8F9-4523-9436-530DE9E552FA}.Debug Unicode.Build.0 = Debug Unicode|Win32
		{3A68081D-E8F9-4523-9436-530DE9E552FA}.Release.ActiveCfg = Release|Win32
		{3A68081D-E8F9-4523-9436-530DE9E552FA}.Release.Build.0 = Release|Win32
		{3A68081D-E8F9-4523-9436-530DE9E552FA}.Release Unicode.ActiveCfg = Release Unicode|Win32
		{3A68081D-E8F9-4523-9436-530DE9E552FA}.Release Unicode.Build.0 = Release Unicode|Win32
		{3A68081D-E8F9-4523-9436-530DE9E552FA}.Unicode Debug.ActiveCfg = Debug|Win32
		{3A68081D-E8F9-4523-9436-530DE9E552FA}.Unicode Debug.Build.0 = Debug|Win32
		{3A68081D-E8F9-4523-9436-530DE9E552FA}.Unicode Debug Shaders.ActiveCfg = Debug|Win32
		{3A68081D-E8F9-4523-9436-530DE9E552FA}.Unicode Debug Shaders.Build.0 = Debug|Win32
		{3A68081D-E8F9-4523-9436-530DE9E552FA}.Unicode Release.ActiveCfg = Release|Win32
		{3A68081D-E8F9-4523-9436-530DE9E552FA}.Unicode Release.Build.0 = Release|Win32
		{3A68081D-E8F9-4523-9436-530DE9E552FD}.Debug.ActiveCfg = Debug|Win32
		{3A68081D-E8F9-4523-9436-530DE9E552FD}.Debug.Build.0 = Debug|Win32
		{3A68081D-E8F9-4523-9436-530DE9E552FD}.Debug Shaders.ActiveCfg = Debug|Win32
		{3A68081D-E8F9-4523-9436-530DE9E552FD}.Debug Shaders.Build.0 = Debug|Win32
		{3A68081D-E8F9-4523-9436-530DE9E552FD}.Debug Unicode.ActiveCfg = Debug|Win32
		{3A68081D-E8F9-4523-9436-530DE9E552FD}.Debug Unicode.Build.0 = Debug|Win32
		{3A68081D-E8F9-4523-9436-530DE9E552FD}.Release.ActiveCfg = Release|Win32
		{3A68081D-E8F9-4523-9436-530DE9E552FD}.Release.Build.0 = Release|Win32
		{3A68081D-E8F9-4523-9436-530DE9E552FD}.Release Unicode.ActiveCfg = Release|Win32
		{3A68081D-E8F9-4523-9436-530DE9E552FD}.Release Unicode.Build.0 = Release|Win32
		{3A68081D-E8F9-4523-9436-530DE9E552FD}.Unicode Debug.ActiveCfg = Debug|Win32
		{3A68081D-E8F9-4523-9436-530DE9E552FD}.Unicode Debug.Build.0 = Debug|Win32
		{3A68081D-E8F9-4523-9436-530DE9E552FD}.Unicode Debug Shaders.ActiveCfg = Debug|Win32
		{3A68081D-E8F9-4523-9436-530DE9E552FD}.Unicode Debug Shaders.Build.0 = Debug|Win32
		{3A68081D-E8F9-4523-9436-530DE9E552FD}.Unicode Release.ActiveCfg = Release|Win32
		{3A68081D-E8F9-4523-9436-530DE9E552FD}.Unicode Release.Build.0 = Release|Win32
		{3A68081D-E8F9-4523-9436-530DE9E552FE}.Debug.ActiveCfg = Debug|Win32
		{3A68081D-E8F9-4523-9436-530DE9E552FE}.Debug.Build.0 = Debug|Win32
		{3A68081D-E8F9-4523-9436-530DE9E552FE}.Debug Shaders.ActiveCfg = Debug|Win32
		{3A68081D-E8F9-4523-9436-530DE9E552FE}.Debug Shaders.Build.0 = Debug|Win32
		{3A68081D-E8F9-4523-9436-530DE9E552FE}.Debug Unicode.ActiveCfg = Debug|Win32
		{3A68081D-E8F9-4523-9436-530DE9E552FE}.Debug Unicode.Build.0 = Debug|Win32
		{3A68081D-E8F9-4523-9436-530DE9E552FE}.Release.ActiveCfg = Release|Win32
		{3A68081D-E8F9-4523-9436-530DE9E552FE}.Release.Build.0 = Release|Win32
		{3A68081D-E8F9-4523-9436-530DE9E552FE}.Release Unicode.ActiveCfg = Release|Win32
		{3A68081D-E8F9-4523-9436-530DE9E552FE}.Release Unicode.Build.0 = Release|Win32
		{3A68081D-E8F9-4523-9436-530DE9E552FE}.Unicode Debug.ActiveCfg = Debug|Win32
		{3A68081D-E8F9-4523-9436-530DE9E552FE}.Unicode Debug.Build.0 = Debug|Win32
		{3A68081D-E8F9-4523-9436-530DE9E552FE}.Unicode Debug Shaders.ActiveCfg = Debug|Win32
		{3A68081D-E8F9-4523-9436-530DE9E552FE}.Unicode Debug Shaders.Build.0 = Debug|Win32
		{3A68081D-E8F9-4523-9436-530DE9E552FE}.Unicode Release.ActiveCfg = Release|Win32
		{3A68081D-E8F9-4523-9436-530DE9E552FE}.Unicode Release.Build.0 = Release|Win32
		{3A68081D-E8F9-4523-9436-530DE9E552FF}.Debug.ActiveCfg = Debug|Win32
		{3A68081D-E8F9-4523-9436-530DE9E552FF}.Debug.Build.0 = Debug|Win32
		{3A68081D-E8F9-4523-9436-530DE9E552FF}.Debug Shaders.ActiveCfg = Debug|Win32
		{3A68081D-E8F9-4523-9436-530DE9E552FF}.Debug Shaders.Build.0 = Debug|Win32
		{3A68081D-E8F9-4523-9436-530DE9E552FF}.Debug Unicode.ActiveCfg = Debug|Win32
		{3A68081D-E8F9-4523-9436-530DE9E552FF}.Debug Unicode.Build.0 = Debug|Win32
		{3A68081D-E8F9-4523-9436-530DE9E552FF}.Release.ActiveCfg = Release|Win32
		{3A68081D-E8F9-4523-9436-530DE9E552FF}.Release.Build.0 = Release|Win32
		{3A68081D-E8F9-4523-9436-530DE9E552FF}.Release Unicode.ActiveCfg = Release|Win32
		{3A68081D-E8F9-4523-9436-530DE9E552FF}.Release Unicode.Build.0 = Release|Win32
		{3A68081D-E8F9-4523-9436-530DE9E552FF}.Unicode Debug.ActiveCfg = Debug|Win32
		{3A68081D-E8F9-4523-9436-530DE9E552FF}.Unicode Debug.Build.0 = Debug|Win32
		{3A68081D-E8F9-4523-9436-530DE9E552FF}.Unicode Debug Shaders.ActiveCfg = Debug|Win32
		{3A68081D-E8F9-4523-9436-530DE9E552FF}.Unicode Debug Shaders.Build.0 = Debug|Win32
		{3A68081D-E8F9-4523-9436-530DE9E552FF}.Unicode Release.ActiveCfg = Release|Win32
		{3A68081D-E8F9-4523-9436-530DE9E552FF}.Unicode Release.Build.0 = Release|Win32
		{3A68081D-E8F9-4523-9436-530DE9E55300}.Debug.ActiveCfg = Debug|Win32
		{3A68081D-E8F9-4523-9436-530DE9E55300}.Debug.Build.0 = Debug|Win32
		{3A68081D-E8F9-4523-9436-530DE9E55300}.Debug Shaders.ActiveCfg = Debug Unicode|Win32
		{3A68081D-E8F9-4523-9436-530DE9E55300}.Debug Shaders.Build.0 = Debug Unicode|Win32
		{3A68081D-E8F9-4523-9436-530DE9E55300}.Debug Unicode.ActiveCfg = Debug Unicode|Win32
		{3A68081D-E8F9-4523-9436-530DE9E55300}.Debug Unicode.Build.0 = Debug Unicode|Win32
		{3A68081D-E8F9-4523-9436-530DE9E55300}.Release.ActiveCfg = Release|Win32
		{3A68081D-E8F9-4523-9436-530DE9E55300}.Release.Build.0 = Release|Win32
		{3A68081D-E8F9-4523-9436-530DE9E55300}.Release Unicode.ActiveCfg = Release Unicode|Win32
		{3A68081D-E8F9-4523-9436-530DE9E55300}.Release Unicode.Build.0 = Release Unicode|Win32
		{3A68081D-E8F9-4523-9436-530DE9E55300}.Unicode Debug.ActiveCfg = Debug|Win32
		{3A68081D-E8F9-4523-9436-530DE9E55300}.Unicode Debug.Build.0 = Debug|Win32
		{3A68081D-E8F9-4523-9436-530DE9E55300}.Unicode Debug Shaders.ActiveCfg = Debug|Win32
		{3A68081D-E8F9-4523-9436-530DE9E55300}.Unicode Debug Shaders.Build.0 = Debug|Win32
		{3A68081D-E8F9-4523-9436-530DE9E55300}.Unicode Release.ActiveCfg = Release|Win32
		{3A68081D-E8F9-4523-9436-530DE9E55300}.Unicode Release.Build.0 = Release|Win32
		{3A68081D-E8F9-4523-9436-530DE9E55301}.Debug.ActiveCfg = Debug|Win32
		{3A68081D-E8F9-4523-9436-530DE9E55301}.Debug.Build.0 = Debug|Win32
		{3A68081D-E8F9-4523-9436-530DE9E55301}.Debug Shaders.ActiveCfg = Debug|Win32
		{3A68081D-E8F9-4523-9436-530DE9E55301}.Debug Shaders.Build.0 = Debug|Win32
		{3A68081D-E8F9-4523-9436-530DE9E55301}.Debug Unicode.ActiveCfg = Debug|Win32
		{3A68081D-E8F9-4523-9436-530DE9E55301}.Debug Unicode.Build.0 = Debug|Win32
		{3A68081D-E8F9-4523-9436-530DE9E55301}.Release.ActiveCfg = Release|Win32
		{3A68081D-E8F9-4523-9436-530DE9E55301}.Release.Build.0 = Release|Win32
		{3A68081D-E8F9-4523-9436-530DE9E55301}.Release Unicode.ActiveCfg = Release|Win32
		{3A68081D-E8F9-4523-9436-530DE9E55301}.Release Unicode.Build.0 = Release|Win32
		{3A68081D-E8F9-4523-9436-530DE9E55301}.Unicode Debug.ActiveCfg = Debug|Win32
		{3A68081D-E8F9-4523-9436-530DE9E55301}.Unicode Debug.Build.0 = Debug|Win32
		{3A68081D-E8F9-4523-9436-530DE9E55301}.Unicode Debug Shaders.ActiveCfg = Debug|Win32
		{3A68081D-E8F9-4523-9436-530DE9E55301}.Unicode Debug Shaders.Build.0 = Debug|Win32
		{3A68081D-E8F9-4523-9436-530DE9E55301}.Unicode Release.ActiveCfg = Release|Win32
		{3A68081D-E8F9-4523-9436-530DE9E55301}.Unicode Release.Build.0 = Release|Win32
		{3A68081D-E8F9-4523-9436-530DE9E55303}.Debug.ActiveCfg = Debug|Win32
		{3A68081D-E8F9-4523-9436-530DE9E55303}.Debug.Build.0 = Debug|Win32
		{3A68081D-E8F9-4523-9436-530DE9E55303}.Debug Shaders.ActiveCfg = Debug|Win32
		{3A68081D-E8F9-4523-9436-530DE9E55303}.Debug Shaders.Build.0 = Debug|Win32
		{3A68081D-E8F9-4523-9436-530DE9E55303}.Debug Unicode.ActiveCfg = Debug|Win32
		{3A68081D-E8F9-4523-9436-530DE9E55303}.Debug Unicode.Build.0 = Debug|Win32
		{3A68081D-E8F9-4523-9436-530DE9E55303}.Release.ActiveCfg = Release|Win32
		{3A68081D-E8F9-4523-9436-530DE9E55303}.Release.Build.0 = Release|Win32
		{3A68081D-E8F9-4523-9436-530DE9E55303}.Release Unicode.ActiveCfg = Release|Win32
		{3A68081D-E8F9-4523-9436-530DE9E55303}.Release Unicode.Build.0 = Release|Win32
		{3A68081D-E8F9-4523-9436-530DE9E55303}.Unicode Debug.ActiveCfg = Debug|Win32
		{3A68081D-E8F9-4523-9436-530DE9E55303}.Unicode Debug.Build.0 = Debug|Win32
		{3A68081D-E8F9-4523-9436-530DE9E55303}.Unicode Debug Shaders.ActiveCfg = Debug|Win32
		{3A68081D-E8F9-4523-9436-530DE9E55303}.Unicode Debug Shaders.Build.0 = Debug|Win32
		{3A68081D-E8F9-4523-9436-530DE9E55303}.Unicode Release.ActiveCfg = Release|Win32
		{3A68081D-E8F9-4523-9436-530DE9E55303}.Unicode Release.Build.0 = Release|Win32
		{8FEC3CB5-CE11-480C-9455-D51B9D115D8E}.Debug.ActiveCfg = Debug|Win32
		{8FEC3CB5-CE11-480C-9455-D51B9D115D8E}.Debug.Build.0 = Debug|Win32
		{8FEC3CB5-CE11-480C-9455-D51B9D115D8E}.Debug Shaders.ActiveCfg = Debug|Win32
		{8FEC3CB5-CE11-480C-9455-D51B9D115D8E}.Debug Shaders.Build.0 = Debug|Win32
		{8FEC3CB5-CE11-480C-9455-D51B9D115D8E}.Debug Unicode.ActiveCfg = Debug|Win32
		{8FEC3CB5-CE11-480C-9455-D51B9D115D8E}.Debug Unicode.Build.0 = Debug|Win32
		{8FEC3CB5-CE11-480C-9455-D51B9D115D8E}.Release.ActiveCfg = Release|Win32
		{8FEC3CB5-CE11-480C-9455-D51B9D115D8E}.Release.Build.0 = Release|Win32
		{8FEC3CB5-CE11-480C-9455-D51B9D115D8E}.Release Unicode.ActiveCfg = Release|Win32
		{8FEC3CB5-CE11-480C-9455-D51B9D115D8E}.Release Unicode.Build.0 = Release|Win32
		{8FEC3CB5-CE11-480C-9455-D51B9D115D8E}.Unicode Debug.ActiveCfg = Debug|Win32
		{8FEC3CB5-CE11-480C-9455-D51B9D115D8E}.Unicode Debug.Build.0 = Debug|Win32
		{8FEC3CB5-CE11-480C-9455-D51B9D115D8E}.Unicode Debug Shaders.ActiveCfg = Debug|Win32
		{8FEC3CB5-CE11-480C-9455-D51B9D115D8E}.Unicode Debug Shaders.Build.0 = Debug|Win32
		{8FEC3CB5-CE11-480C-9455-D51B9D115D8E}.Unicode Release.ActiveCfg = Release|Win32
		{8FEC3CB5-CE11-480C-9455-D51B9D115D8E}.Unicode Release.Build.0 = Release|Win32
		{B7197FB2-EC48-4F2B-9A6F-F487308E59EA}.Debug.ActiveCfg = Debug|Win32
		{B7197FB2-EC48-4F2B-9A6F-F487308E59EA}.Debug.Build.0 = Debug|Win32
		{B7197FB2-EC48-4F2B-9A6F-F487308E59EA}.Debug Shaders.ActiveCfg = Debug|Win32
		{B7197FB2-EC48-4F2B-9A6F-F487308E59EA}.Debug Shaders.Build.0 = Debug|Win32
		{B7197FB2-EC48-4F2B-9A6F-F487308E59EA}.Debug Unicode.ActiveCfg = Debug|Win32
		{B7197FB2-EC48-4F2B-9A6F-F487308E59EA}.Debug Unicode.Build.0 = Debug|Win32
		{B7197FB2-EC48-4F2B-9A6F-F487308E59EA}.Release.ActiveCfg = Release|Win32
		{B7197FB2-EC48-4F2B-9A6F-F487308E59EA}.Release.Build.0 = Release|Win32
		{B7197FB2-EC48-4F2B-9A6F-F487308E59EA}.Release Unicode.ActiveCfg = Release|Win32
		{B7197FB2-EC48-4F2B-9A6F-F487308E59EA}.Release Unicode.Build.0 = Release|Win32
		{B7197FB2-EC48-4F2B-9A6F-F487308E59EA}.Unicode Debug.ActiveCfg = Debug|Win32
		{B7197FB2-EC48-4F2B-9A6F-F487308E59EA}.Unicode Debug.Build.0 = Debug|Win32
		{B7197FB2-EC48-4F2B-9A6F-F487308E59EA}.Unicode Debug Shaders.ActiveCfg = Debug|Win32
		{B7197FB2-EC48-4F2B-9A6F-F487308E59EA}.Unicode Debug Shaders.Build.0 = Debug|Win32
		{B7197FB2-EC48-4F2B-9A6F-F487308E59EA}.Unicode Release.ActiveCfg = Release|Win32
		{B7197FB2-EC48-4F2B-9A6F-F487308E59EA}.Unicode Release.Build.0 = Release|Win32
		{7F34AA2C-5879-4B2F-8950-C7AE795C24F2}.Debug.ActiveCfg = Debug|Win32
		{7F34AA2C-5879-4B2F-8950-C7AE795C24F2}.Debug.Build.0 = Debug|Win32
		{7F34AA2C-5879-4B2F-8950-C7AE795C24F2}.Debug Shaders.ActiveCfg = Debug|Win32
		{7F34AA2C-5879-4B2F-8950-C7AE795C24F2}.Debug Shaders.Build.0 = Debug|Win32
		{7F34AA2C-5879-4B2F-8950-C7AE795C24F2}.Debug Unicode.ActiveCfg = Debug|Win32
		{7F34AA2C-5879-4B2F-8950-C7AE795C24F2}.Debug Unicode.Build.0 = Debug|Win32
		{7F34AA2C-5879-4B2F-8950-C7AE795C24F2}.Release.ActiveCfg = Release|Win32
		{7F34AA2C-5879-4B2F-8950-C7AE795C24F2}.Release.Build.0 = Release|Win32
		{7F34AA2C-5879-4B2F-8950-C7AE795C24F2}.Release Unicode.ActiveCfg = Release|Win32
		{7F34AA2C-5879-4B2F-8950-C7AE795C24F2}.Release Unicode.Build.0 = Release|Win32
		{7F34AA2C-5879-4B2F-8950-C7AE795C24F2}.Unicode Debug.ActiveCfg = Debug|Win32
		{7F34AA2C-5879-4B2F-8950-C7AE795C24F2}.Unicode Debug.Build.0 = Debug|Win32
		{7F34AA2C-5879-4B2F-8950-C7AE795C24F2}.Unicode Debug Shaders.ActiveCfg = Debug|Win32
		{7F34AA2C-5879-4B2F-8950-C7AE795C24F2}.Unicode Debug Shaders.Build.0 = Debug|Win32
		{7F34AA2C-5879-4B2F-8950-C7AE795C24F2}.Unicode Release.ActiveCfg = Release|Win32
		{7F34AA2C-5879-4B2F-8950-C7AE795C24F2}.Unicode Release.Build.0 = Release|Win32
		{77DE4B17-4040-4F08-8B21-9EE90F24F077}.Debug.ActiveCfg = Debug|Win32
		{77DE4B17-4040-4F08-8B21-9EE90F24F077}.Debug.Build.0 = Debug|Win32
		{77DE4B17-4040-4F08-8B21-9EE90F24F077}.Debug Shaders.ActiveCfg = Debug|Win32
		{77DE4B17-4040-4F08-8B21-9EE90F24F077}.Debug Shaders.Build.0 = Debug|Win32
		{77DE4B17-4040-4F08-8B21-9EE90F24F077}.Debug Unicode.ActiveCfg = Debug|Win32
		{77DE4B17-4040-4F08-8B21-9EE90F24F077}.Debug Unicode.Build.0 = Debug|Win32
		{77DE4B17-4040-4F08-8B21-9EE90F24F077}.Release.ActiveCfg = Release|Win32
		{77DE4B17-4040-4F08-8B21-9EE90F24F077}.Release.Build.0 = Release|Win32
		{77DE4B17-4040-4F08-8B21-9EE90F24F077}.Release Unicode.ActiveCfg = Release|Win32
		{77DE4B17-4040-4F08-8B21-9EE90F24F077}.Release Unicode.Build.0 = Release|Win32
		{77DE4B17-4040-4F08-8B21-9EE90F24F077}.Unicode Debug.ActiveCfg = Debug|Win32
		{77DE4B17-4040-4F08-8B21-9EE90F24F077}.Unicode Debug.Build.0 = Debug|Win32
		{77DE4B17-4040-4F08-8B21-9EE90F24F077}.Unicode Debug Shaders.ActiveCfg = Debug|Win32
		{77DE4B17-4040-4F08-8B21-9EE90F24F077}.Unicode Debug Shaders.Build.0 = Debug|Win32
		{77DE4B17-4040-4F08-8B21-9EE90F24F077}.Unicode Release.ActiveCfg = Release|Win32
		{77DE4B17-4040-4F08-8B21-9EE90F24F077}.Unicode Release.Build.0 = Release|Win32
		{9C04CC2D-C188-4443-A185-CB0BCA6ED57B}.Debug.ActiveCfg = Debug|Win32
		{9C04CC2D-C188-4443-A185-CB0BCA6ED57B}.Debug.Build.0 = Debug|Win32
		{9C04CC2D-C188-4443-A185-CB0BCA6ED57B}.Debug Shaders.ActiveCfg = Debug Unicode|Win32
		{9C04CC2D-C188-4443-A185-CB0BCA6ED57B}.Debug Shaders.Build.0 = Debug Unicode|Win32
		{9C04CC2D-C188-4443-A185-CB0BCA6ED57B}.Debug Unicode.ActiveCfg = Debug Unicode|Win32
		{9C04CC2D-C188-4443-A185-CB0BCA6ED57B}.Debug Unicode.Build.0 = Debug Unicode|Win32
		{9C04CC2D-C188-4443-A185-CB0BCA6ED57B}.Release.ActiveCfg = Release|Win32
		{9C04CC2D-C188-4443-A185-CB0BCA6ED57B}.Release.Build.0 = Release|Win32
		{9C04CC2D-C188-4443-A185-CB0BCA6ED57B}.Release Unicode.ActiveCfg = Release Unicode|Win32
		{9C04CC2D-C188-4443-A185-CB0BCA6ED57B}.Release Unicode.Build.0 = Release Unicode|Win32
		{9C04CC2D-C188-4443-A185-CB0BCA6ED57B}.Unicode Debug.ActiveCfg = Debug|Win32
		{9C04CC2D-C188-4443-A185-CB0BCA6ED57B}.Unicode Debug.Build.0 = Debug|Win32
		{9C04CC2D-C188-4443-A185-CB0BCA6ED57B}.Unicode Debug Shaders.ActiveCfg = Debug|Win32
		{9C04CC2D-C188-4443-A185-CB0BCA6ED57B}.Unicode Debug Shaders.Build.0 = Debug|Win32
		{9C04CC2D-C188-4443-A185-CB0BCA6ED57B}.Unicode Release.ActiveCfg = Release|Win32
		{9C04CC2D-C188-4443-A185-CB0BCA6ED57B}.Unicode Release.Build.0 = Release|Win32
		{9F2D19C9-F6A5-407D-94EE-645E4F898FA3}.Debug.ActiveCfg = Debug|Win32
		{9F2D19C9-F6A5-407D-94EE-645E4F898FA3}.Debug.Build.0 = Debug|Win32
		{9F2D19C9-F6A5-407D-94EE-645E4F898FA3}.Debug Shaders.ActiveCfg = Debug|Win32
		{9F2D19C9-F6A5-407D-94EE-645E4F898FA3}.Debug Shaders.Build.0 = Debug|Win32
		{9F2D19C9-F6A5-407D-94EE-645E4F898FA3}.Debug Unicode.ActiveCfg = Debug|Win32
		{9F2D19C9-F6A5-407D-94EE-645E4F898FA3}.Debug Unicode.Build.0 = Debug|Win32
		{9F2D19C9-F6A5-407D-94EE-645E4F898FA3}.Release.ActiveCfg = Release|Win32
		{9F2D19C9-F6A5-407D-94EE-645E4F898FA3}.Release.Build.0 = Release|Win32
		{9F2D19C9-F6A5-407D-94EE-645E4F898FA3}.Release Unicode.ActiveCfg = Release|Win32
		{9F2D19C9-F6A5-407D-94EE-645E4F898FA3}.Release Unicode.Build.0 = Release|Win32
		{9F2D19C9-F6A5-407D-94EE-645E4F898FA3}.Unicode Debug.ActiveCfg = Debug|Win32
		{9F2D19C9-F6A5-407D-94EE-645E4F898FA3}.Unicode Debug.Build.0 = Debug|Win32
		{9F2D19C9-F6A5-407D-94EE-645E4F898FA3}.Unicode Debug Shaders.ActiveCfg = Debug|Win32
		{9F2D19C9-F6A5-407D-94EE-645E4F898FA3}.Unicode Debug Shaders.Build.0 = Debug|Win32
		{9F2D19C9-F6A5-407D-94EE-645E4F898FA3}.Unicode Release.ActiveCfg = Release|Win32
		{9F2D19C9-F6A5-407D-94EE-645E4F898FA3}.Unicode Release.Build.0 = Release|Win32
		{3A68081D-E8F9-4523-9436-530DE9E552F0}.Debug.ActiveCfg = Debug|Win32
		{3A68081D-E8F9-4523-9436-530DE9E552F0}.Debug.Build.0 = Debug|Win32
		{3A68081D-E8F9-4523-9436-530DE9E552F0}.Debug Shaders.ActiveCfg = Debug|Win32
		{3A68081D-E8F9-4523-9436-530DE9E552F0}.Debug Shaders.Build.0 = Debug|Win32
		{3A68081D-E8F9-4523-9436-530DE9E552F0}.Debug Unicode.ActiveCfg = Debug|Win32
		{3A68081D-E8F9-4523-9436-530DE9E552F0}.Debug Unicode.Build.0 = Debug|Win32
		{3A68081D-E8F9-4523-9436-530DE9E552F0}.Release.ActiveCfg = Release|Win32
		{3A68081D-E8F9-4523-9436-530DE9E552F0}.Release.Build.0 = Release|Win32
		{3A68081D-E8F9-4523-9436-530DE9E552F0}.Release Unicode.ActiveCfg = Release|Win32
		{3A68081D-E8F9-4523-9436-530DE9E552F0}.Release Unicode.Build.0 = Release|Win32
		{3A68081D-E8F9-4523-9436-530DE9E552F0}.Unicode Debug.ActiveCfg = Debug|Win32
		{3A68081D-E8F9-4523-9436-530DE9E552F0}.Unicode Debug.Build.0 = Debug|Win32
		{3A68081D-E8F9-4523-9436-530DE9E552F0}.Unicode Debug Shaders.ActiveCfg = Debug|Win32
		{3A68081D-E8F9-4523-9436-530DE9E552F0}.Unicode Debug Shaders.Build.0 = Debug|Win32
		{3A68081D-E8F9-4523-9436-530DE9E552F0}.Unicode Release.ActiveCfg = Release|Win32
		{3A68081D-E8F9-4523-9436-530DE9E552F0}.Unicode Release.Build.0 = Release|Win32
		{3A68081D-E8F9-4523-9436-530DE9E5530A}.Debug.ActiveCfg = Debug|Win32
		{3A68081D-E8F9-4523-9436-530DE9E5530A}.Debug.Build.0 = Debug|Win32
		{3A68081D-E8F9-4523-9436-530DE9E5530A}.Debug Shaders.ActiveCfg = Debug|Win32
		{3A68081D-E8F9-4523-9436-530DE9E5530A}.Debug Shaders.Build.0 = Debug|Win32
		{3A68081D-E8F9-4523-9436-530DE9E5530A}.Debug Unicode.ActiveCfg = Debug|Win32
		{3A68081D-E8F9-4523-9436-530DE9E5530A}.Debug Unicode.Build.0 = Debug|Win32
		{3A68081D-E8F9-4523-9436-530DE9E5530A}.Release.ActiveCfg = Release|Win32
		{3A68081D-E8F9-4523-9436-530DE9E5530A}.Release.Build.0 = Release|Win32
		{3A68081D-E8F9-4523-9436-530DE9E5530A}.Release Unicode.ActiveCfg = Release|Win32
		{3A68081D-E8F9-4523-9436-530DE9E5530A}.Release Unicode.Build.0 = Release|Win32
		{3A68081D-E8F9-4523-9436-530DE9E5530A}.Unicode Debug.ActiveCfg = Debug|Win32
		{3A68081D-E8F9-4523-9436-530DE9E5530A}.Unicode Debug.Build.0 = Debug|Win32
		{3A68081D-E8F9-4523-9436-530DE9E5530A}.Unicode Debug Shaders.ActiveCfg = Debug|Win32
		{3A68081D-E8F9-4523-9436-530DE9E5530A}.Unicode Debug Shaders.Build.0 = Debug|Win32
		{3A68081D-E8F9-4523-9436-530DE9E5530A}.Unicode Release.ActiveCfg = Release|Win32
		{3A68081D-E8F9-4523-9436-530DE9E5530A}.Unicode Release.Build.0 = Release|Win32
		{3A68081D-E8F9-4523-9436-530DE9E5530B}.Debug.ActiveCfg = Debug|Win32
		{3A68081D-E8F9-4523-9436-530DE9E5530B}.Debug.Build.0 = Debug|Win32
		{3A68081D-E8F9-4523-9436-530DE9E5530B}.Debug Shaders.ActiveCfg = Debug|Win32
		{3A68081D-E8F9-4523-9436-530DE9E5530B}.Debug Shaders.Build.0 = Debug|Win32
		{3A68081D-E8F9-4523-9436-530DE9E5530B}.Debug Unicode.ActiveCfg = Debug|Win32
		{3A68081D-E8F9-4523-9436-530DE9E5530B}.Debug Unicode.Build.0 = Debug|Win32
		{3A68081D-E8F9-4523-9436-530DE9E5530B}.Release.ActiveCfg = Release|Win32
		{3A68081D-E8F9-4523-9436-530DE9E5530B}.Release.Build.0 = Release|Win32
		{3A68081D-E8F9-4523-9436-530DE9E5530B}.Release Unicode.ActiveCfg = Release|Win32
		{3A68081D-E8F9-4523-9436-530DE9E5530B}.Release Unicode.Build.0 = Release|Win32
		{3A68081D-E8F9-4523-9436-530DE9E5530B}.Unicode Debug.ActiveCfg = Debug|Win32
		{3A68081D-E8F9-4523-9436-530DE9E5530B}.Unicode Debug.Build.0 = Debug|Win32
		{3A68081D-E8F9-4523-9436-530DE9E5530B}.Unicode Debug Shaders.ActiveCfg = Debug|Win32
		{3A68081D-E8F9-4523-9436-530DE9E5530B}.Unicode Debug Shaders.Build.0 = Debug|Win32
		{3A68081D-E8F9-4523-9436-530DE9E5530B}.Unicode Release.ActiveCfg = Release|Win32
		{3A68081D-E8F9-4523-9436-530DE9E5530B}.Unicode Release.Build.0 = Release|Win32
		{3A68081D-E8F9-4523-9436-530DE9E5530C}.Debug.ActiveCfg = Debug|Win32
		{3A68081D-E8F9-4523-9436-530DE9E5530C}.Debug.Build.0 = Debug|Win32
		{3A68081D-E8F9-4523-9436-530DE9E5530C}.Debug Shaders.ActiveCfg = Debug|Win32
		{3A68081D-E8F9-4523-9436-530DE9E5530C}.Debug Shaders.Build.0 = Debug|Win32
		{3A68081D-E8F9-4523-9436-530DE9E5530C}.Debug Unicode.ActiveCfg = Debug|Win32
		{3A68081D-E8F9-4523-9436-530DE9E5530C}.Debug Unicode.Build.0 = Debug|Win32
		{3A68081D-E8F9-4523-9436-530DE9E5530C}.Release.ActiveCfg = Release|Win32
		{3A68081D-E8F9-4523-9436-530DE9E5530C}.Release.Build.0 = Release|Win32
		{3A68081D-E8F9-4523-9436-530DE9E5530C}.Release Unicode.ActiveCfg = Release|Win32
		{3A68081D-E8F9-4523-9436-530DE9E5530C}.Release Unicode.Build.0 = Release|Win32
		{3A68081D-E8F9-4523-9436-530DE9E5530C}.Unicode Debug.ActiveCfg = Debug|Win32
		{3A68081D-E8F9-4523-9436-530DE9E5530C}.Unicode Debug.Build.0 = Debug|Win32
		{3A68081D-E8F9-4523-9436-530DE9E5530C}.Unicode Debug Shaders.ActiveCfg = Debug|Win32
		{3A68081D-E8F9-4523-9436-530DE9E5530C}.Unicode Debug Shaders.Build.0 = Debug|Win32
		{3A68081D-E8F9-4523-9436-530DE9E5530C}.Unicode Release.ActiveCfg = Release|Win32
		{3A68081D-E8F9-4523-9436-530DE9E5530C}.Unicode Release.Build.0 = Release|Win32
		{3A68081D-E8F9-4523-9436-530DE9E5530D}.Debug.ActiveCfg = Debug|Win32
		{3A68081D-E8F9-4523-9436-530DE9E5530D}.Debug.Build.0 = Debug|Win32
		{3A68081D-E8F9-4523-9436-530DE9E5530D}.Debug Shaders.ActiveCfg = Debug|Win32
		{3A68081D-E8F9-4523-9436-530DE9E5530D}.Debug Shaders.Build.0 = Debug|Win32
		{3A68081D-E8F9-4523-9436-530DE9E5530D}.Debug Unicode.ActiveCfg = Debug|Win32
		{3A68081D-E8F9-4523-9436-530DE9E5530D}.Debug Unicode.Build.0 = Debug|Win32
		{3A68081D-E8F9-4523-9436-530DE9E5530D}.Release.ActiveCfg = Release|Win32
		{3A68081D-E8F9-4523-9436-530DE9E5530D}.Release.Build.0 = Release|Win32
		{3A68081D-E8F9-4523-9436-530DE9E5530D}.Release Unicode.ActiveCfg = Release|Win32
		{3A68081D-E8F9-4523-9436-530DE9E5530D}.Release Unicode.Build.0 = Release|Win32
		{3A68081D-E8F9-4523-9436-530DE9E5530D}.Unicode Debug.ActiveCfg = Debug|Win32
		{3A68081D-E8F9-4523-9436-530DE9E5530D}.Unicode Debug.Build.0 = Debug|Win32
		{3A68081D-E8F9-4523-9436-530DE9E5530D}.Unicode Debug Shaders.ActiveCfg = Debug|Win32
		{3A68081D-E8F9-4523-9436-530DE9E5530D}.Unicode Debug Shaders.Build.0 = Debug|Win32
		{3A68081D-E8F9-4523-9436-530DE9E5530D}.Unicode Release.ActiveCfg = Release|Win32
		{3A68081D-E8F9-4523-9436-530DE9E5530D}.Unicode Release.Build.0 = Release|Win32
		{3A68081D-E8F9-4523-9436-530DE9E5530E}.Debug.ActiveCfg = Debug|Win32
		{3A68081D-E8F9-4523-9436-530DE9E5530E}.Debug.Build.0 = Debug|Win32
		{3A68081D-E8F9-4523-9436-530DE9E5530E}.Debug Shaders.ActiveCfg = Debug|Win32
		{3A68081D-E8F9-4523-9436-530DE9E5530E}.Debug Shaders.Build.0 = Debug|Win32
		{3A68081D-E8F9-4523-9436-530DE9E5530E}.Debug Unicode.ActiveCfg = Debug|Win32
		{3A68081D-E8F9-4523-9436-530DE9E5530E}.Debug Unicode.Build.0 = Debug|Win32
		{3A68081D-E8F9-4523-9436-530DE9E5530E}.Release.ActiveCfg = Release|Win32
		{3A68081D-E8F9-4523-9436-530DE9E5530E}.Release.Build.0 = Release|Win32
		{3A68081D-E8F9-4523-9436-530DE9E5530E}.Release Unicode.ActiveCfg = Release|Win32
		{3A68081D-E8F9-4523-9436-530DE9E5530E}.Release Unicode.Build.0 = Release|Win32
		{3A68081D-E8F9-4523-9436-530DE9E5530E}.Unicode Debug.ActiveCfg = Debug|Win32
		{3A68081D-E8F9-4523-9436-530DE9E5530E}.Unicode Debug.Build.0 = Debug|Win32
		{3A68081D-E8F9-4523-9436-530DE9E5530E}.Unicode Debug Shaders.ActiveCfg = Debug|Win32
		{3A68081D-E8F9-4523-9436-530DE9E5530E}.Unicode Debug Shaders.Build.0 = Debug|Win32
		{3A68081D-E8F9-4523-9436-530DE9E5530E}.Unicode Release.ActiveCfg = Release|Win32
		{3A68081D-E8F9-4523-9436-530DE9E5530E}.Unicode Release.Build.0 = Release|Win32
		{3A68081D-E8F9-4523-9436-530DE9E5530F}.Debug.ActiveCfg = Debug|Win32
		{3A68081D-E8F9-4523-9436-530DE9E5530F}.Debug.Build.0 = Debug|Win32
		{3A68081D-E8F9-4523-9436-530DE9E5530F}.Debug Shaders.ActiveCfg = Debug|Win32
		{3A68081D-E8F9-4523-9436-530DE9E5530F}.Debug Shaders.Build.0 = Debug|Win32
		{3A68081D-E8F9-4523-9436-530DE9E5530F}.Debug Unicode.ActiveCfg = Debug|Win32
		{3A68081D-E8F9-4523-9436-530DE9E5530F}.Debug Unicode.Build.0 = Debug|Win32
		{3A68081D-E8F9-4523-9436-530DE9E5530F}.Release.ActiveCfg = Release|Win32
		{3A68081D-E8F9-4523-9436-530DE9E5530F}.Release.Build.0 = Release|Win32
		{3A68081D-E8F9-4523-9436-530DE9E5530F}.Release Unicode.ActiveCfg = Release|Win32
		{3A68081D-E8F9-4523-9436-530DE9E5530F}.Release Unicode.Build.0 = Release|Win32
		{3A68081D-E8F9-4523-9436-530DE9E5530F}.Unicode Debug.ActiveCfg = Debug|Win32
		{3A68081D-E8F9-4523-9436-530DE9E5530F}.Unicode Debug.Build.0 = Debug|Win32
		{3A68081D-E8F9-4523-9436-530DE9E5530F}.Unicode Debug Shaders.ActiveCfg = Debug|Win32
		{3A68081D-E8F9-4523-9436-530DE9E5530F}.Unicode Debug Shaders.Build.0 = Debug|Win32
		{3A68081D-E8F9-4523-9436-530DE9E5530F}.Unicode Release.ActiveCfg = Release|Win32
		{3A68081D-E8F9-4523-9436-530DE9E5530F}.Unicode Release.Build.0 = Release|Win32
		{FD1377CF-4FE1-4741-842F-DBCF852C9CBD}.Debug.ActiveCfg = Debug|Win32
		{FD1377CF-4FE1-4741-842F-DBCF852C9CBD}.Debug Shaders.ActiveCfg = Debug Unicode|Win32
		{FD1377CF-4FE1-4741-842F-DBCF852C9CBD}.Debug Shaders.Build.0 = Debug Unicode|Win32
		{FD1377CF-4FE1-4741-842F-DBCF852C9CBD}.Debug Unicode.ActiveCfg = Debug Unicode|Win32
		{FD1377CF-4FE1-4741-842F-DBCF852C9CBD}.Debug Unicode.Build.0 = Debug Unicode|Win32
		{FD1377CF-4FE1-4741-842F-DBCF852C9CBD}.Release.ActiveCfg = Release|Win32
		{FD1377CF-4FE1-4741-842F-DBCF852C9CBD}.Release Unicode.ActiveCfg = Release Unicode|Win32
		{FD1377CF-4FE1-4741-842F-DBCF852C9CBD}.Release Unicode.Build.0 = Release Unicode|Win32
		{FD1377CF-4FE1-4741-842F-DBCF852C9CBD}.Unicode Debug.ActiveCfg = Debug|Win32
		{FD1377CF-4FE1-4741-842F-DBCF852C9CBD}.Unicode Debug.Build.0 = Debug|Win32
		{FD1377CF-4FE1-4741-842F-DBCF852C9CBD}.Unicode Debug Shaders.ActiveCfg = Debug|Win32
		{FD1377CF-4FE1-4741-842F-DBCF852C9CBD}.Unicode Debug Shaders.Build.0 = Debug|Win32
		{FD1377CF-4FE1-4741-842F-DBCF852C9CBD}.Unicode Release.ActiveCfg = Release|Win32
		{FD1377CF-4FE1-4741-842F-DBCF852C9CBD}.Unicode Release.Build.0 = Release|Win32
		{3A68081D-E8F9-4523-9436-530DE9E552FC}.Debug.ActiveCfg = Debug|Win32
		{3A68081D-E8F9-4523-9436-530DE9E552FC}.Debug.Build.0 = Debug|Win32
		{3A68081D-E8F9-4523-9436-530DE9E552FC}.Debug Shaders.ActiveCfg = Debug Unicode|Win32
		{3A68081D-E8F9-4523-9436-530DE9E552FC}.Debug Shaders.Build.0 = Debug Unicode|Win32
		{3A68081D-E8F9-4523-9436-530DE9E552FC}.Debug Unicode.ActiveCfg = Debug Unicode|Win32
		{3A68081D-E8F9-4523-9436-530DE9E552FC}.Debug Unicode.Build.0 = Debug Unicode|Win32
		{3A68081D-E8F9-4523-9436-530DE9E552FC}.Release.ActiveCfg = Release|Win32
		{3A68081D-E8F9-4523-9436-530DE9E552FC}.Release.Build.0 = Release|Win32
		{3A68081D-E8F9-4523-9436-530DE9E552FC}.Release Unicode.ActiveCfg = Release Unicode|Win32
		{3A68081D-E8F9-4523-9436-530DE9E552FC}.Release Unicode.Build.0 = Release Unicode|Win32
		{3A68081D-E8F9-4523-9436-530DE9E552FC}.Unicode Debug.ActiveCfg = Unicode Debug|Win32
		{3A68081D-E8F9-4523-9436-530DE9E552FC}.Unicode Debug.Build.0 = Unicode Debug|Win32
		{3A68081D-E8F9-4523-9436-530DE9E552FC}.Unicode Debug Shaders.ActiveCfg = Unicode Debug|Win32
		{3A68081D-E8F9-4523-9436-530DE9E552FC}.Unicode Debug Shaders.Build.0 = Unicode Debug|Win32
		{3A68081D-E8F9-4523-9436-530DE9E552FC}.Unicode Release.ActiveCfg = Unicode Release|Win32
		{3A68081D-E8F9-4523-9436-530DE9E552FC}.Unicode Release.Build.0 = Unicode Release|Win32
		{E6DFF553-5739-40F2-9852-BF0655B8B237}.Debug.ActiveCfg = Debug|Win32
		{E6DFF553-5739-40F2-9852-BF0655B8B237}.Debug.Build.0 = Debug|Win32
		{E6DFF553-5739-40F2-9852-BF0655B8B237}.Debug Shaders.ActiveCfg = Debug|Win32
		{E6DFF553-5739-40F2-9852-BF0655B8B237}.Debug Shaders.Build.0 = Debug|Win32
		{E6DFF553-5739-40F2-9852-BF0655B8B237}.Debug Unicode.ActiveCfg = Debug|Win32
		{E6DFF553-5739-40F2-9852-BF0655B8B237}.Debug Unicode.Build.0 = Debug|Win32
		{E6DFF553-5739-40F2-9852-BF0655B8B237}.Release.ActiveCfg = Release|Win32
		{E6DFF553-5739-40F2-9852-BF0655B8B237}.Release.Build.0 = Release|Win32
		{E6DFF553-5739-40F2-9852-BF0655B8B237}.Release Unicode.ActiveCfg = Release|Win32
		{E6DFF553-5739-40F2-9852-BF0655B8B237}.Release Unicode.Build.0 = Release|Win32
		{E6DFF553-5739-40F2-9852-BF0655B8B237}.Unicode Debug.ActiveCfg = Debug|Win32
		{E6DFF553-5739-40F2-9852-BF0655B8B237}.Unicode Debug.Build.0 = Debug|Win32
		{E6DFF553-5739-40F2-9852-BF0655B8B237}.Unicode Debug Shaders.ActiveCfg = Debug|Win32
		{E6DFF553-5739-40F2-9852-BF0655B8B237}.Unicode Debug Shaders.Build.0 = Debug|Win32
		{E6DFF553-5739-40F2-9852-BF0655B8B237}.Unicode Release.ActiveCfg = Release|Win32
		{E6DFF553-5739-40F2-9852-BF0655B8B237}.Unicode Release.Build.0 = Release|Win32
		{946C1C25-A098-4BC2-93A8-89C76BDE35E6}.Debug.ActiveCfg = Debug|Win32
		{946C1C25-A098-4BC2-93A8-89C76BDE35E6}.Debug.Build.0 = Debug|Win32
		{946C1C25-A098-4BC2-93A8-89C76BDE35E6}.Debug Shaders.ActiveCfg = Debug Unicode|Win32
		{946C1C25-A098-4BC2-93A8-89C76BDE35E6}.Debug Shaders.Build.0 = Debug Unicode|Win32
		{946C1C25-A098-4BC2-93A8-89C76BDE35E6}.Debug Unicode.ActiveCfg = Debug Unicode|Win32
		{946C1C25-A098-4BC2-93A8-89C76BDE35E6}.Debug Unicode.Build.0 = Debug Unicode|Win32
		{946C1C25-A098-4BC2-93A8-89C76BDE35E6}.Release.ActiveCfg = Release|Win32
		{946C1C25-A098-4BC2-93A8-89C76BDE35E6}.Release.Build.0 = Release|Win32
		{946C1C25-A098-4BC2-93A8-89C76BDE35E6}.Release Unicode.ActiveCfg = Release Unicode|Win32
		{946C1C25-A098-4BC2-93A8-89C76BDE35E6}.Release Unicode.Build.0 = Release Unicode|Win32
		{946C1C25-A098-4BC2-93A8-89C76BDE35E6}.Unicode Debug.ActiveCfg = Debug|Win32
		{946C1C25-A098-4BC2-93A8-89C76BDE35E6}.Unicode Debug.Build.0 = Debug|Win32
		{946C1C25-A098-4BC2-93A8-89C76BDE35E6}.Unicode Debug Shaders.ActiveCfg = Debug|Win32
		{946C1C25-A098-4BC2-93A8-89C76BDE35E6}.Unicode Debug Shaders.Build.0 = Debug|Win32
		{946C1C25-A098-4BC2-93A8-89C76BDE35E6}.Unicode Release.ActiveCfg = Release|Win32
		{946C1C25-A098-4BC2-93A8-89C76BDE35E6}.Unicode Release.Build.0 = Release|Win32
		{9C04CC2D-C188-4443-A185-CB0BCA6ED98D}.Debug.ActiveCfg = Debug|Win32
		{9C04CC2D-C188-4443-A185-CB0BCA6ED98D}.Debug.Build.0 = Debug|Win32
		{9C04CC2D-C188-4443-A185-CB0BCA6ED98D}.Debug Shaders.ActiveCfg = Debug Unicode|Win32
		{9C04CC2D-C188-4443-A185-CB0BCA6ED98D}.Debug Shaders.Build.0 = Debug Unicode|Win32
		{9C04CC2D-C188-4443-A185-CB0BCA6ED98D}.Debug Unicode.ActiveCfg = Debug Unicode|Win32
		{9C04CC2D-C188-4443-A185-CB0BCA6ED98D}.Debug Unicode.Build.0 = Debug Unicode|Win32
		{9C04CC2D-C188-4443-A185-CB0BCA6ED98D}.Release.ActiveCfg = Release|Win32
		{9C04CC2D-C188-4443-A185-CB0BCA6ED98D}.Release.Build.0 = Release|Win32
		{9C04CC2D-C188-4443-A185-CB0BCA6ED98D}.Release Unicode.ActiveCfg = Release Unicode|Win32
		{9C04CC2D-C188-4443-A185-CB0BCA6ED98D}.Release Unicode.Build.0 = Release Unicode|Win32
		{9C04CC2D-C188-4443-A185-CB0BCA6ED98D}.Unicode Debug.ActiveCfg = Debug|Win32
		{9C04CC2D-C188-4443-A185-CB0BCA6ED98D}.Unicode Debug.Build.0 = Debug|Win32
		{9C04CC2D-C188-4443-A185-CB0BCA6ED98D}.Unicode Debug Shaders.ActiveCfg = Debug|Win32
		{9C04CC2D-C188-4443-A185-CB0BCA6ED98D}.Unicode Debug Shaders.Build.0 = Debug|Win32
		{9C04CC2D-C188-4443-A185-CB0BCA6ED98D}.Unicode Release.ActiveCfg = Release|Win32
		{9C04CC2D-C188-4443-A185-CB0BCA6ED98D}.Unicode Release.Build.0 = Release|Win32
		{9C04CC2D-C188-4443-A185-CB0BCA6ED98D}.Debug.ActiveCfg = Debug|Win32
		{9C04CC2D-C188-4443-A185-CB0BCA6ED98D}.Debug.Build.0 = Debug|Win32
		{9C04CC2D-C188-4443-A185-CB0BCA6ED98D}.Debug Shaders.ActiveCfg = Debug Unicode|Win32
		{9C04CC2D-C188-4443-A185-CB0BCA6ED98D}.Debug Shaders.Build.0 = Debug Unicode|Win32
		{9C04CC2D-C188-4443-A185-CB0BCA6ED98D}.Debug Unicode.ActiveCfg = Debug Unicode|Win32
		{9C04CC2D-C188-4443-A185-CB0BCA6ED98D}.Debug Unicode.Build.0 = Debug Unicode|Win32
		{9C04CC2D-C188-4443-A185-CB0BCA6ED98D}.Release.ActiveCfg = Release|Win32
		{9C04CC2D-C188-4443-A185-CB0BCA6ED98D}.Release.Build.0 = Release|Win32
		{9C04CC2D-C188-4443-A185-CB0BCA6ED98D}.Release Unicode.ActiveCfg = Release Unicode|Win32
		{9C04CC2D-C188-4443-A185-CB0BCA6ED98D}.Release Unicode.Build.0 = Release Unicode|Win32
		{9C04CC2D-C188-4443-A185-CB0BCA6ED98D}.Unicode Debug.ActiveCfg = Debug|Win32
		{9C04CC2D-C188-4443-A185-CB0BCA6ED98D}.Unicode Debug.Build.0 = Debug|Win32
		{9C04CC2D-C188-4443-A185-CB0BCA6ED98D}.Unicode Debug Shaders.ActiveCfg = Debug|Win32
		{9C04CC2D-C188-4443-A185-CB0BCA6ED98D}.Unicode Debug Shaders.Build.0 = Debug|Win32
		{9C04CC2D-C188-4443-A185-CB0BCA6ED98D}.Unicode Release.ActiveCfg = Release|Win32
		{9C04CC2D-C188-4443-A185-CB0BCA6ED98D}.Unicode Release.Build.0 = Release|Win32
		{9C04CC2D-C188-4443-A185-CB0BCA6ED98D}.Debug.ActiveCfg = Debug|Win32
		{9C04CC2D-C188-4443-A185-CB0BCA6ED98D}.Debug.Build.0 = Debug|Win32
		{9C04CC2D-C188-4443-A185-CB0BCA6ED98D}.Debug Shaders.ActiveCfg = Debug Unicode|Win32
		{9C04CC2D-C188-4443-A185-CB0BCA6ED98D}.Debug Shaders.Build.0 = Debug Unicode|Win32
		{9C04CC2D-C188-4443-A185-CB0BCA6ED98D}.Debug Unicode.ActiveCfg = Debug Unicode|Win32
		{9C04CC2D-C188-4443-A185-CB0BCA6ED98D}.Debug Unicode.Build.0 = Debug Unicode|Win32
		{9C04CC2D-C188-4443-A185-CB0BCA6ED98D}.Release.ActiveCfg = Release|Win32
		{9C04CC2D-C188-4443-A185-CB0BCA6ED98D}.Release.Build.0 = Release|Win32
		{9C04CC2D-C188-4443-A185-CB0BCA6ED98D}.Release Unicode.ActiveCfg = Release Unicode|Win32
		{9C04CC2D-C188-4443-A185-CB0BCA6ED98D}.Release Unicode.Build.0 = Release Unicode|Win32
		{9C04CC2D-C188-4443-A185-CB0BCA6ED98D}.Unicode Debug.ActiveCfg = Debug|Win32
		{9C04CC2D-C188-4443-A185-CB0BCA6ED98D}.Unicode Debug.Build.0 = Debug|Win32
		{9C04CC2D-C188-4443-A185-CB0BCA6ED98D}.Unicode Debug Shaders.ActiveCfg = Debug|Win32
		{9C04CC2D-C188-4443-A185-CB0BCA6ED98D}.Unicode Debug Shaders.Build.0 = Debug|Win32
		{9C04CC2D-C188-4443-A185-CB0BCA6ED98D}.Unicode Release.ActiveCfg = Release|Win32
		{9C04CC2D-C188-4443-A185-CB0BCA6ED98D}.Unicode Release.Build.0 = Release|Win32
		{B88DFC02-3FCB-4829-83F5-BACD35D25169}.Debug.ActiveCfg = Debug|Win32
		{B88DFC02-3FCB-4829-83F5-BACD35D25169}.Debug.Build.0 = Debug|Win32
		{B88DFC02-3FCB-4829-83F5-BACD35D25169}.Debug Shaders.ActiveCfg = Debug Unicode|Win32
		{B88DFC02-3FCB-4829-83F5-BACD35D25169}.Debug Shaders.Build.0 = Debug Unicode|Win32
		{B88DFC02-3FCB-4829-83F5-BACD35D25169}.Debug Unicode.ActiveCfg = Debug Unicode|Win32
		{B88DFC02-3FCB-4829-83F5-BACD35D25169}.Debug Unicode.Build.0 = Debug Unicode|Win32
		{B88DFC02-3FCB-4829-83F5-BACD35D25169}.Release.ActiveCfg = Release|Win32
		{B88DFC02-3FCB-4829-83F5-BACD35D25169}.Release.Build.0 = Release|Win32
		{B88DFC02-3FCB-4829-83F5-BACD35D25169}.Release Unicode.ActiveCfg = Release Unicode|Win32
		{B88DFC02-3FCB-4829-83F5-BACD35D25169}.Release Unicode.Build.0 = Release Unicode|Win32
		{B88DFC02-3FCB-4829-83F5-BACD35D25169}.Unicode Debug.ActiveCfg = Debug|Win32
		{B88DFC02-3FCB-4829-83F5-BACD35D25169}.Unicode Debug.Build.0 = Debug|Win32
		{B88DFC02-3FCB-4829-83F5-BACD35D25169}.Unicode Debug Shaders.ActiveCfg = Debug|Win32
		{B88DFC02-3FCB-4829-83F5-BACD35D25169}.Unicode Debug Shaders.Build.0 = Debug|Win32
		{B88DFC02-3FCB-4829-83F5-BACD35D25169}.Unicode Release.ActiveCfg = Release|Win32
		{B88DFC02-3FCB-4829-83F5-BACD35D25169}.Unicode Release.Build.0 = Release|Win32
		{9C04CC2D-C188-4443-A185-CB0BCA6ED98D}.Debug.ActiveCfg = Debug|Win32
		{9C04CC2D-C188-4443-A185-CB0BCA6ED98D}.Debug.Build.0 = Debug|Win32
		{9C04CC2D-C188-4443-A185-CB0BCA6ED98D}.Debug Shaders.ActiveCfg = Debug Shaders|Win32
		{9C04CC2D-C188-4443-A185-CB0BCA6ED98D}.Debug Shaders.Build.0 = Debug Shaders|Win32
		{9C04CC2D-C188-4443-A185-CB0BCA6ED98D}.Debug Unicode.ActiveCfg = Debug Shaders|Win32
		{9C04CC2D-C188-4443-A185-CB0BCA6ED98D}.Debug Unicode.Build.0 = Debug Shaders|Win32
		{9C04CC2D-C188-4443-A185-CB0BCA6ED98D}.Release.ActiveCfg = Release|Win32
		{9C04CC2D-C188-4443-A185-CB0BCA6ED98D}.Release.Build.0 = Release|Win32
		{9C04CC2D-C188-4443-A185-CB0BCA6ED98D}.Release Unicode.ActiveCfg = Release|Win32
		{9C04CC2D-C188-4443-A185-CB0BCA6ED98D}.Release Unicode.Build.0 = Release|Win32
		{9C04CC2D-C188-4443-A185-CB0BCA6ED98D}.Unicode Debug.ActiveCfg = Unicode Debug|Win32
		{9C04CC2D-C188-4443-A185-CB0BCA6ED98D}.Unicode Debug.Build.0 = Unicode Debug|Win32
		{9C04CC2D-C188-4443-A185-CB0BCA6ED98D}.Unicode Debug Shaders.ActiveCfg = Unicode Debug Shaders|Win32
		{9C04CC2D-C188-4443-A185-CB0BCA6ED98D}.Unicode Debug Shaders.Build.0 = Unicode Debug Shaders|Win32
		{9C04CC2D-C188-4443-A185-CB0BCA6ED98D}.Unicode Release.ActiveCfg = Unicode Release|Win32
		{9C04CC2D-C188-4443-A185-CB0BCA6ED98D}.Unicode Release.Build.0 = Unicode Release|Win32
		{3A68081D-E8F9-4523-9436-530DE9E552FC}.Debug.ActiveCfg = Debug|Win32
		{3A68081D-E8F9-4523-9436-530DE9E552FC}.Debug.Build.0 = Debug|Win32
		{3A68081D-E8F9-4523-9436-530DE9E552FC}.Debug Shaders.ActiveCfg = Debug Unicode|Win32
		{3A68081D-E8F9-4523-9436-530DE9E552FC}.Debug Shaders.Build.0 = Debug Unicode|Win32
		{3A68081D-E8F9-4523-9436-530DE9E552FC}.Debug Unicode.ActiveCfg = Debug Unicode|Win32
		{3A68081D-E8F9-4523-9436-530DE9E552FC}.Debug Unicode.Build.0 = Debug Unicode|Win32
		{3A68081D-E8F9-4523-9436-530DE9E552FC}.Release.ActiveCfg = Release|Win32
		{3A68081D-E8F9-4523-9436-530DE9E552FC}.Release.Build.0 = Release|Win32
		{3A68081D-E8F9-4523-9436-530DE9E552FC}.Release Unicode.ActiveCfg = Release Unicode|Win32
		{3A68081D-E8F9-4523-9436-530DE9E552FC}.Release Unicode.Build.0 = Release Unicode|Win32
		{3A68081D-E8F9-4523-9436-530DE9E552FC}.Unicode Debug.ActiveCfg = Debug|Win32
		{3A68081D-E8F9-4523-9436-530DE9E552FC}.Unicode Debug.Build.0 = Debug|Win32
		{3A68081D-E8F9-4523-9436-530DE9E552FC}.Unicode Debug Shaders.ActiveCfg = Debug|Win32
		{3A68081D-E8F9-4523-9436-530DE9E552FC}.Unicode Debug Shaders.Build.0 = Debug|Win32
		{3A68081D-E8F9-4523-9436-530DE9E552FC}.Unicode Release.ActiveCfg = Release|Win32
		{3A68081D-E8F9-4523-9436-530DE9E552FC}.Unicode Release.Build.0 = Release|Win32
		{4CF7981E-938E-4653-B898-3029032F00D1}.Debug.ActiveCfg = Debug|Win32
		{4CF7981E-938E-4653-B898-3029032F00D1}.Debug.Build.0 = Debug|Win32
		{4CF7981E-938E-4653-B898-3029032F00D1}.Debug Shaders.ActiveCfg = Debug|Win32
		{4CF7981E-938E-4653-B898-3029032F00D1}.Debug Shaders.Build.0 = Debug|Win32
		{4CF7981E-938E-4653-B898-3029032F00D1}.Debug Unicode.ActiveCfg = Debug Unicode|Win32
		{4CF7981E-938E-4653-B898-3029032F00D1}.Debug Unicode.Build.0 = Debug Unicode|Win32
		{4CF7981E-938E-4653-B898-3029032F00D1}.Release.ActiveCfg = Release|Win32
		{4CF7981E-938E-4653-B898-3029032F00D1}.Release.Build.0 = Release|Win32
		{4CF7981E-938E-4653-B898-3029032F00D1}.Release Unicode.ActiveCfg = Release Unicode|Win32
		{4CF7981E-938E-4653-B898-3029032F00D1}.Release Unicode.Build.0 = Release Unicode|Win32
		{4CF7981E-938E-4653-B898-3029032F00D1}.Unicode Debug.ActiveCfg = Debug|Win32
		{4CF7981E-938E-4653-B898-3029032F00D1}.Unicode Debug.Build.0 = Debug|Win32
		{4CF7981E-938E-4653-B898-3029032F00D1}.Unicode Debug Shaders.ActiveCfg = Debug|Win32
		{4CF7981E-938E-4653-B898-3029032F00D1}.Unicode Debug Shaders.Build.0 = Debug|Win32
		{4CF7981E-938E-4653-B898-3029032F00D1}.Unicode Release.ActiveCfg = Release|Win32
		{4CF7981E-938E-4653-B898-3029032F00D1}.Unicode Release.Build.0 = Release|Win32
		{9C04CC2D-C188-4443-A185-CB0BCA6ED98D}.Debug.ActiveCfg = Debug|Win32
		{9C04CC2D-C188-4443-A185-CB0BCA6ED98D}.Debug.Build.0 = Debug|Win32
		{9C04CC2D-C188-4443-A185-CB0BCA6ED98D}.Debug Shaders.ActiveCfg = Debug Unicode|Win32
		{9C04CC2D-C188-4443-A185-CB0BCA6ED98D}.Debug Shaders.Build.0 = Debug Unicode|Win32
		{9C04CC2D-C188-4443-A185-CB0BCA6ED98D}.Debug Unicode.ActiveCfg = Debug Unicode|Win32
		{9C04CC2D-C188-4443-A185-CB0BCA6ED98D}.Debug Unicode.Build.0 = Debug Unicode|Win32
		{9C04CC2D-C188-4443-A185-CB0BCA6ED98D}.Release.ActiveCfg = Release|Win32
		{9C04CC2D-C188-4443-A185-CB0BCA6ED98D}.Release.Build.0 = Release|Win32
		{9C04CC2D-C188-4443-A185-CB0BCA6ED98D}.Release Unicode.ActiveCfg = Release Unicode|Win32
		{9C04CC2D-C188-4443-A185-CB0BCA6ED98D}.Release Unicode.Build.0 = Release Unicode|Win32
		{9C04CC2D-C188-4443-A185-CB0BCA6ED98D}.Unicode Debug.ActiveCfg = Debug|Win32
		{9C04CC2D-C188-4443-A185-CB0BCA6ED98D}.Unicode Debug.Build.0 = Debug|Win32
		{9C04CC2D-C188-4443-A185-CB0BCA6ED98D}.Unicode Debug Shaders.ActiveCfg = Debug|Win32
		{9C04CC2D-C188-4443-A185-CB0BCA6ED98D}.Unicode Debug Shaders.Build.0 = Debug|Win32
		{9C04CC2D-C188-4443-A185-CB0BCA6ED98D}.Unicode Release.ActiveCfg = Release|Win32
		{9C04CC2D-C188-4443-A185-CB0BCA6ED98D}.Unicode Release.Build.0 = Release|Win32
	EndGlobalSection
	GlobalSection(ExtensibilityGlobals) = postSolution
	EndGlobalSection
	GlobalSection(ExtensibilityAddIns) = postSolution
	EndGlobalSection
	GlobalSection(DevPartner) = postSolution
	EndGlobalSection
	GlobalSection(DevPartner) = postSolution
	EndGlobalSection
	GlobalSection(DevPartner) = postSolution
	EndGlobalSection
	GlobalSection(DevPartner) = postSolution
	EndGlobalSection
EndGlobal
