<?xml version="1.0" encoding="utf-8"?>
<Project ToolsVersion="4.0" xmlns="http://schemas.microsoft.com/developer/msbuild/2003">
  <ItemGroup>
    <Filter Include="Source Files">
      <UniqueIdentifier>{e8d0a128-a216-4bb6-bbff-f43f9735a842}</UniqueIdentifier>
      <Extensions>cpp;c;cxx;rc;def;r;odl;idl;hpj;bat</Extensions>
    </Filter>
    <Filter Include="Header Files">
      <UniqueIdentifier>{16bb29db-1363-467e-a6c5-91f4387ecded}</UniqueIdentifier>
      <Extensions>h;hpp;hxx;hm;inl</Extensions>
    </Filter>
    <Filter Include="Resource Files">
      <UniqueIdentifier>{6c018edf-ec74-4ba4-bc0b-f80473895d6d}</UniqueIdentifier>
      <Extensions>ico;cur;bmp;dlg;rc2;rct;bin;rgs;gif;jpg;jpeg;jpe</Extensions>
    </Filter>
  </ItemGroup>
  <ItemGroup>
    <ClCompile Include="AllocPresenter.cpp">
      <Filter>Source Files</Filter>
    </ClCompile>
    <ClCompile Include="app.cpp">
      <Filter>Source Files</Filter>
    </ClCompile>
    <ClCompile Include="commands.cpp">
      <Filter>Source Files</Filter>
    </ClCompile>
    <ClCompile Include="d3dfont.cpp">
      <Filter>Source Files</Filter>
    </ClCompile>
    <ClCompile Include="d3dtextr.cpp">
      <Filter>Source Files</Filter>
    </ClCompile>
    <ClCompile Include="d3dutil.cpp">
      <Filter>Source Files</Filter>
    </ClCompile>
    <ClCompile Include="DDrawSupport.cpp">
      <Filter>Source Files</Filter>
    </ClCompile>
    <ClCompile Include="Utils.cpp">
      <Filter>Source Files</Filter>
    </ClCompile>
    <ClCompile Include="vcdplyer.cpp">
      <Filter>Source Files</Filter>
    </ClCompile>
  </ItemGroup>
  <ItemGroup>
    <ClInclude Include="app.h">
      <Filter>Header Files</Filter>
    </ClInclude>
    <ClInclude Include="BltAlpha.h">
      <Filter>Header Files</Filter>
    </ClInclude>
    <ClInclude Include="d3dfont.h">
      <Filter>Header Files</Filter>
    </ClInclude>
    <ClInclude Include="d3dtextr.h">
      <Filter>Header Files</Filter>
    </ClInclude>
    <ClInclude Include="d3dutil.h">
      <Filter>Header Files</Filter>
    </ClInclude>
    <ClInclude Include="DDrawSupport.h">
      <Filter>Header Files</Filter>
    </ClInclude>
    <ClInclude Include="project.h">
      <Filter>Header Files</Filter>
    </ClInclude>
    <ClInclude Include="resource.h">
      <Filter>Header Files</Filter>
    </ClInclude>
    <ClInclude Include="Utils.h">
      <Filter>Header Files</Filter>
    </ClInclude>
    <ClInclude Include="vcdplyer.h">
      <Filter>Header Files</Filter>
    </ClInclude>
  </ItemGroup>
  <ItemGroup>
    <ResourceCompile Include="VMRXcl.rc">
      <Filter>Resource Files</Filter>
    </ResourceCompile>
  </ItemGroup>
  <ItemGroup>
    <CustomBuild Include="VMRXcl.ico">
      <Filter>Resource Files</Filter>
    </CustomBuild>
    <CustomBuild Include="VMRxclMenu.bmp">
      <Filter>Resource Files</Filter>
    </CustomBuild>
  </ItemGroup>
</Project>