<?xml version="1.0" encoding="utf-8"?>
<Project ToolsVersion="4.0" xmlns="http://schemas.microsoft.com/developer/msbuild/2003">
  <ItemGroup>
    <Filter Include="Source Files">
      <UniqueIdentifier>{8de88935-45a8-476e-9415-73c63c82b04d}</UniqueIdentifier>
      <Extensions>cpp;c;cxx;rc;def;r;odl;idl;hpj;bat</Extensions>
    </Filter>
    <Filter Include="Header Files">
      <UniqueIdentifier>{e7b7a2b6-1f12-43d6-a51b-61d3b6e163c2}</UniqueIdentifier>
      <Extensions>h;hpp;hxx;hm;inl</Extensions>
    </Filter>
    <Filter Include="Resource Files">
      <UniqueIdentifier>{a88aa895-1020-470a-be08-f3a698c20cb3}</UniqueIdentifier>
      <Extensions>ico;cur;bmp;dlg;rc2;rct;bin;rgs;gif;jpg;jpeg;jpe</Extensions>
    </Filter>
  </ItemGroup>
  <ItemGroup>
    <ClCompile Include="MixerControl.cpp">
      <Filter>Source Files</Filter>
    </ClCompile>
    <ClCompile Include="MultiVMR9.cpp">
      <Filter>Source Files</Filter>
    </ClCompile>
    <ClCompile Include="MultiVMR9_i.c">
      <Filter>Source Files</Filter>
    </ClCompile>
    <ClCompile Include="RenderEngine.cpp">
      <Filter>Source Files</Filter>
    </ClCompile>
    <ClCompile Include="stdafx.cpp">
      <Filter>Source Files</Filter>
    </ClCompile>
    <ClCompile Include="UILayer.cpp">
      <Filter>Source Files</Filter>
    </ClCompile>
    <ClCompile Include="Wizard.cpp">
      <Filter>Source Files</Filter>
    </ClCompile>
  </ItemGroup>
  <ItemGroup>
    <Midl Include="MultiVMR9.idl">
      <Filter>Source Files</Filter>
    </Midl>
  </ItemGroup>
  <ItemGroup>
    <ClInclude Include="MixerControl.h">
      <Filter>Header Files</Filter>
    </ClInclude>
    <ClInclude Include="MultiVMRguids.h">
      <Filter>Header Files</Filter>
    </ClInclude>
    <ClInclude Include="RenderEngine.h">
      <Filter>Header Files</Filter>
    </ClInclude>
    <ClInclude Include="resource.h">
      <Filter>Header Files</Filter>
    </ClInclude>
    <ClInclude Include="stdafx.h">
      <Filter>Header Files</Filter>
    </ClInclude>
    <ClInclude Include="UILayer.h">
      <Filter>Header Files</Filter>
    </ClInclude>
    <ClInclude Include="Wizard.h">
      <Filter>Header Files</Filter>
    </ClInclude>
  </ItemGroup>
  <ItemGroup>
    <ResourceCompile Include="MultiVMR9.rc">
      <Filter>Resource Files</Filter>
    </ResourceCompile>
  </ItemGroup>
  <ItemGroup>
    <CustomBuild Include="MultiVMR9.def">
      <Filter>Source Files</Filter>
    </CustomBuild>
  </ItemGroup>
</Project>