<?xml version="1.0" encoding="utf-8"?>
<Project ToolsVersion="4.0" xmlns="http://schemas.microsoft.com/developer/msbuild/2003">
  <ItemGroup>
    <Filter Include="Source Files">
      <UniqueIdentifier>{2bd3c22f-acce-4e3a-a96c-e11763331060}</UniqueIdentifier>
      <Extensions>cpp;c;cxx;rc;def;r;odl;idl;hpj;bat</Extensions>
    </Filter>
    <Filter Include="Header Files">
      <UniqueIdentifier>{3d668f40-490f-4fc1-b36d-8e198a347c4d}</UniqueIdentifier>
      <Extensions>h;hpp;hxx;hm;inl</Extensions>
    </Filter>
  </ItemGroup>
  <ItemGroup>
    <ClCompile Include="nullip.cpp">
      <Filter>Source Files</Filter>
    </ClCompile>
    <ClCompile Include="nullprop.cpp">
      <Filter>Source Files</Filter>
    </ClCompile>
    <ClCompile Include="texttype.cpp">
      <Filter>Source Files</Filter>
    </ClCompile>
  </ItemGroup>
  <ItemGroup>
    <ResourceCompile Include="nullprop.rc">
      <Filter>Source Files</Filter>
    </ResourceCompile>
  </ItemGroup>
  <ItemGroup>
    <ClInclude Include="inull.h">
      <Filter>Header Files</Filter>
    </ClInclude>
    <ClInclude Include="nullprop.h">
      <Filter>Header Files</Filter>
    </ClInclude>
    <ClInclude Include="nulluids.h">
      <Filter>Header Files</Filter>
    </ClInclude>
    <ClInclude Include="resource.h">
      <Filter>Header Files</Filter>
    </ClInclude>
    <ClInclude Include="texttype.h">
      <Filter>Header Files</Filter>
    </ClInclude>
  </ItemGroup>
  <ItemGroup>
    <CustomBuild Include="nullip.def">
      <Filter>Source Files</Filter>
    </CustomBuild>
  </ItemGroup>
</Project>