<?xml version="1.0" encoding="utf-8"?>
<Project ToolsVersion="4.0" xmlns="http://schemas.microsoft.com/developer/msbuild/2003">
  <ItemGroup>
    <Filter Include="Source Files">
      <UniqueIdentifier>{4edbe67a-5493-482c-9a67-b1f5496d83ea}</UniqueIdentifier>
      <Extensions>cpp;c;cxx;rc;def;r;odl;idl;hpj;bat</Extensions>
    </Filter>
    <Filter Include="Header Files">
      <UniqueIdentifier>{48d97e39-009f-45a0-abf8-e50af974bcef}</UniqueIdentifier>
      <Extensions>h;hpp;hxx;hm;inl</Extensions>
    </Filter>
  </ItemGroup>
  <ItemGroup>
    <ClCompile Include="ezprop.cpp">
      <Filter>Source Files</Filter>
    </ClCompile>
    <ClCompile Include="ezrgb24.cpp">
      <Filter>Source Files</Filter>
    </ClCompile>
  </ItemGroup>
  <ItemGroup>
    <ResourceCompile Include="ezprop.rc">
      <Filter>Source Files</Filter>
    </ResourceCompile>
  </ItemGroup>
  <ItemGroup>
    <ClInclude Include="EZprop.h">
      <Filter>Header Files</Filter>
    </ClInclude>
    <ClInclude Include="EZrgb24.h">
      <Filter>Header Files</Filter>
    </ClInclude>
    <ClInclude Include="EZuids.h">
      <Filter>Header Files</Filter>
    </ClInclude>
    <ClInclude Include="iEZ.h">
      <Filter>Header Files</Filter>
    </ClInclude>
    <ClInclude Include="resource.h">
      <Filter>Header Files</Filter>
    </ClInclude>
  </ItemGroup>
  <ItemGroup>
    <CustomBuild Include="ezrgb24.def">
      <Filter>Source Files</Filter>
    </CustomBuild>
  </ItemGroup>
</Project>