<?xml version="1.0" encoding="utf-8"?>
<Project ToolsVersion="4.0" xmlns="http://schemas.microsoft.com/developer/msbuild/2003">
  <ItemGroup>
    <Filter Include="Source Files">
      <UniqueIdentifier>{418582eb-87c1-46f2-a2fb-111154ba44cd}</UniqueIdentifier>
      <Extensions>cpp;c;cxx;rc;def;r;odl;idl;hpj;bat</Extensions>
    </Filter>
    <Filter Include="Header Files">
      <UniqueIdentifier>{7f9a8ff9-7f5e-4add-8746-cfe9c7d6fea1}</UniqueIdentifier>
      <Extensions>h;hpp;hxx;hm;inl</Extensions>
    </Filter>
  </ItemGroup>
  <ItemGroup>
    <ClCompile Include="gargle.cpp">
      <Filter>Source Files</Filter>
    </ClCompile>
    <ClCompile Include="gargprop.cpp">
      <Filter>Source Files</Filter>
    </ClCompile>
  </ItemGroup>
  <ItemGroup>
    <ResourceCompile Include="gargprop.rc">
      <Filter>Source Files</Filter>
    </ResourceCompile>
  </ItemGroup>
  <ItemGroup>
    <ClInclude Include="gargprop.h">
      <Filter>Header Files</Filter>
    </ClInclude>
    <ClInclude Include="garguids.h">
      <Filter>Header Files</Filter>
    </ClInclude>
    <ClInclude Include="igargle.h">
      <Filter>Header Files</Filter>
    </ClInclude>
    <ClInclude Include="resource.h">
      <Filter>Header Files</Filter>
    </ClInclude>
  </ItemGroup>
  <ItemGroup>
    <CustomBuild Include="gargle.def">
      <Filter>Source Files</Filter>
    </CustomBuild>
  </ItemGroup>
</Project>