<?xml version="1.0" encoding="utf-8"?>
<Project ToolsVersion="4.0" xmlns="http://schemas.microsoft.com/developer/msbuild/2003">
  <ItemGroup>
    <Filter Include="Source Files">
      <UniqueIdentifier>{3a063278-b33e-4444-9d66-3fcfe09c6e99}</UniqueIdentifier>
      <Extensions>*.cpp;*.rc;*.ico</Extensions>
    </Filter>
    <Filter Include="Header Files">
      <UniqueIdentifier>{096851d4-fbcd-49dd-a927-52ebd2ca4354}</UniqueIdentifier>
      <Extensions>*.h</Extensions>
    </Filter>
    <Filter Include="Resource Files">
      <UniqueIdentifier>{ffd51fc5-e866-451f-99c5-576c4b700a47}</UniqueIdentifier>
      <Extensions>ico;cur;bmp;dlg;rc2;rct;bin;rgs;gif;jpg;jpeg;jpe</Extensions>
    </Filter>
  </ItemGroup>
  <ItemGroup>
    <ClCompile Include="ddrawobj.cpp">
      <Filter>Source Files</Filter>
    </ClCompile>
    <ClCompile Include="DDrawXCL.cpp">
      <Filter>Source Files</Filter>
    </ClCompile>
    <ClCompile Include="vidplay.cpp">
      <Filter>Source Files</Filter>
    </ClCompile>
  </ItemGroup>
  <ItemGroup>
    <ClInclude Include="ddrawobj.h">
      <Filter>Header Files</Filter>
    </ClInclude>
    <ClInclude Include="DDrawXCL.h">
      <Filter>Header Files</Filter>
    </ClInclude>
    <ClInclude Include="vidplay.h">
      <Filter>Header Files</Filter>
    </ClInclude>
  </ItemGroup>
  <ItemGroup>
    <ResourceCompile Include="DDrawXCL.rc">
      <Filter>Resource Files</Filter>
    </ResourceCompile>
  </ItemGroup>
  <ItemGroup>
    <CustomBuild Include="DDrawXCL.ico">
      <Filter>Source Files</Filter>
    </CustomBuild>
  </ItemGroup>
</Project>