<?xml version="1.0" encoding="utf-8"?>
<Project ToolsVersion="4.0" xmlns="http://schemas.microsoft.com/developer/msbuild/2003">
  <ItemGroup>
    <Filter Include="Source Files">
      <UniqueIdentifier>{3c398bd2-dd2e-4198-a9c7-8e1a18ee9e9e}</UniqueIdentifier>
      <Extensions>cpp;c;cxx;rc;def;r;odl;idl;hpj;bat</Extensions>
    </Filter>
    <Filter Include="Header Files">
      <UniqueIdentifier>{7d332067-86f2-4e63-a6af-a0e84c8d4826}</UniqueIdentifier>
      <Extensions>h;hpp;hxx;hm;inl</Extensions>
    </Filter>
    <Filter Include="Resource Files">
      <UniqueIdentifier>{2d6a8961-5928-4166-a6dc-3b57be67ba73}</UniqueIdentifier>
      <Extensions>ico;cur;bmp;dlg;rc2;rct;bin;rgs;gif;jpg;jpeg;jpe</Extensions>
    </Filter>
  </ItemGroup>
  <ItemGroup>
    <ClCompile Include="progprop.cpp">
      <Filter>Source Files</Filter>
    </ClCompile>
    <ClCompile Include="PsiParser.cpp">
      <Filter>Source Files</Filter>
    </ClCompile>
  </ItemGroup>
  <ItemGroup>
    <ClInclude Include="dbg.h">
      <Filter>Header Files</Filter>
    </ClInclude>
    <ClInclude Include="iMpeg2PsiParser.h">
      <Filter>Header Files</Filter>
    </ClInclude>
    <ClInclude Include="ParserUIDs.h">
      <Filter>Header Files</Filter>
    </ClInclude>
    <ClInclude Include="progprop.h">
      <Filter>Header Files</Filter>
    </ClInclude>
    <ClInclude Include="psiobj.h">
      <Filter>Header Files</Filter>
    </ClInclude>
    <ClInclude Include="PsiParser.h">
      <Filter>Header Files</Filter>
    </ClInclude>
    <ClInclude Include="resource.h">
      <Filter>Resource Files</Filter>
    </ClInclude>
  </ItemGroup>
  <ItemGroup>
    <ResourceCompile Include="PsiParser.rc">
      <Filter>Resource Files</Filter>
    </ResourceCompile>
  </ItemGroup>
  <ItemGroup>
    <CustomBuild Include="PsiParser.def">
      <Filter>Source Files</Filter>
    </CustomBuild>
    <CustomBuild Include="PsiParser.ico">
      <Filter>Resource Files</Filter>
    </CustomBuild>
  </ItemGroup>
</Project>