<?xml version="1.0" encoding="utf-8"?>
<Project ToolsVersion="4.0" xmlns="http://schemas.microsoft.com/developer/msbuild/2003">
  <ItemGroup>
    <Filter Include="Header Files">
      <UniqueIdentifier>{2b5452be-1573-4721-9bec-0f6e4f11f6c1}</UniqueIdentifier>
      <Extensions>.h</Extensions>
    </Filter>
    <Filter Include="Source Files">
      <UniqueIdentifier>{7cf459c4-e24c-443a-b7fe-984410b2212a}</UniqueIdentifier>
      <Extensions>.cpp, .c</Extensions>
    </Filter>
    <Filter Include="Resource Files">
      <UniqueIdentifier>{d074684b-a4e0-4930-bab4-c1cea851f6ea}</UniqueIdentifier>
      <Extensions>ico;cur;bmp;dlg;rc2;rct;bin;rgs;gif;jpg;jpeg;jpe</Extensions>
    </Filter>
  </ItemGroup>
  <ItemGroup>
    <ClInclude Include="amcap.h">
      <Filter>Header Files</Filter>
    </ClInclude>
    <ClInclude Include="crossbar.h">
      <Filter>Header Files</Filter>
    </ClInclude>
    <ClInclude Include="SampleCGB.h">
      <Filter>Header Files</Filter>
    </ClInclude>
    <ClInclude Include="status.h">
      <Filter>Header Files</Filter>
    </ClInclude>
    <ClInclude Include="stdafx.h">
      <Filter>Header Files</Filter>
    </ClInclude>
  </ItemGroup>
  <ItemGroup>
    <ClCompile Include="amcap.cpp">
      <Filter>Source Files</Filter>
    </ClCompile>
    <ClCompile Include="crossbar.cpp">
      <Filter>Source Files</Filter>
    </ClCompile>
    <ClCompile Include="SampleCGB.cpp">
      <Filter>Source Files</Filter>
    </ClCompile>
    <ClCompile Include="status.cpp">
      <Filter>Source Files</Filter>
    </ClCompile>
    <ClCompile Include="stdafx.cpp">
      <Filter>Source Files</Filter>
    </ClCompile>
  </ItemGroup>
  <ItemGroup>
    <ResourceCompile Include="amcap.rc">
      <Filter>Resource Files</Filter>
    </ResourceCompile>
  </ItemGroup>
  <ItemGroup>
    <CustomBuild Include="amcap.ico">
      <Filter>Resource Files</Filter>
    </CustomBuild>
  </ItemGroup>
</Project>