<?xml version="1.0" encoding="utf-8"?>
<Project ToolsVersion="4.0" xmlns="http://schemas.microsoft.com/developer/msbuild/2003">
  <ItemGroup>
    <Filter Include="Source Files">
      <UniqueIdentifier>{67374003-a9e5-4ae6-b0b7-d94b1d57fcaf}</UniqueIdentifier>
      <Extensions>cpp;c;cxx;rc;def;r;odl;idl;hpj;bat</Extensions>
    </Filter>
    <Filter Include="Header Files">
      <UniqueIdentifier>{6a3c5505-47d1-4fbc-b627-e29ec6accce4}</UniqueIdentifier>
      <Extensions>h;hpp;hxx;hm;inl</Extensions>
    </Filter>
    <Filter Include="Resource Files">
      <UniqueIdentifier>{d605f814-a925-4e37-a038-5c5ab3348053}</UniqueIdentifier>
      <Extensions>ico;cur;bmp;dlg;rc2;rct;bin;rgs;gif;jpg;jpeg;jpe</Extensions>
    </Filter>
    <Filter Include="Effects">
      <UniqueIdentifier>{8ed28898-24cd-4d84-a432-bda45195633e}</UniqueIdentifier>
      <Extensions>*.cpp;*.h</Extensions>
    </Filter>
    <Filter Include="D3DHelpers">
      <UniqueIdentifier>{fe6ff598-a5f6-44a5-bd9e-3d3259a1a472}</UniqueIdentifier>
      <Extensions>*.cpp;*.h</Extensions>
    </Filter>
    <Filter Include="Sparkle">
      <UniqueIdentifier>{3563960f-369b-4a9b-ac36-d13407513181}</UniqueIdentifier>
      <Extensions>*.cpp;*.h</Extensions>
    </Filter>
  </ItemGroup>
  <ItemGroup>
    <ClCompile Include="AP.cpp">
      <Filter>Source Files</Filter>
    </ClCompile>
    <ClCompile Include="CMultiSAP.cpp">
      <Filter>Source Files</Filter>
    </ClCompile>
    <ClCompile Include="DDrawSupport.cpp">
      <Filter>Source Files</Filter>
    </ClCompile>
    <ClCompile Include="Movie.cpp">
      <Filter>Source Files</Filter>
    </ClCompile>
    <ClCompile Include="VMRMulti.cpp">
      <Filter>Source Files</Filter>
    </ClCompile>
    <ClCompile Include="effects\Effect.cpp">
      <Filter>Effects</Filter>
    </ClCompile>
    <ClCompile Include="D3DHelpers\d3dmath.cpp">
      <Filter>D3DHelpers</Filter>
    </ClCompile>
    <ClCompile Include="D3DHelpers\d3dtextr.cpp">
      <Filter>D3DHelpers</Filter>
    </ClCompile>
    <ClCompile Include="D3DHelpers\d3dutil.cpp">
      <Filter>D3DHelpers</Filter>
    </ClCompile>
    <ClCompile Include="Sparkles\sparkles.cpp">
      <Filter>Sparkle</Filter>
    </ClCompile>
  </ItemGroup>
  <ItemGroup>
    <ResourceCompile Include="resource.rc">
      <Filter>Source Files</Filter>
    </ResourceCompile>
  </ItemGroup>
  <ItemGroup>
    <ClInclude Include="CMultiSAP.h">
      <Filter>Header Files</Filter>
    </ClInclude>
    <ClInclude Include="DDrawSupport.h">
      <Filter>Header Files</Filter>
    </ClInclude>
    <ClInclude Include="Movie.h">
      <Filter>Header Files</Filter>
    </ClInclude>
    <ClInclude Include="project.h">
      <Filter>Header Files</Filter>
    </ClInclude>
    <ClInclude Include="resource.h">
      <Filter>Header Files</Filter>
    </ClInclude>
    <ClInclude Include="effects\Effect.h">
      <Filter>Effects</Filter>
    </ClInclude>
    <ClInclude Include="D3DHelpers\d3dmath.h">
      <Filter>D3DHelpers</Filter>
    </ClInclude>
    <ClInclude Include="D3DHelpers\d3dtextr.h">
      <Filter>D3DHelpers</Filter>
    </ClInclude>
    <ClInclude Include="D3DHelpers\d3dutil.h">
      <Filter>D3DHelpers</Filter>
    </ClInclude>
    <ClInclude Include="Sparkles\sparkles.h">
      <Filter>Sparkle</Filter>
    </ClInclude>
  </ItemGroup>
  <ItemGroup>
    <CustomBuild Include="res\DX5.bmp">
      <Filter>Resource Files</Filter>
    </CustomBuild>
    <CustomBuild Include="res\DX7.bmp">
      <Filter>Resource Files</Filter>
    </CustomBuild>
    <CustomBuild Include="res\eject.bmp">
      <Filter>Resource Files</Filter>
    </CustomBuild>
    <CustomBuild Include="res\FLARE1.BMP">
      <Filter>Resource Files</Filter>
    </CustomBuild>
    <CustomBuild Include="res\FLARE2.BMP">
      <Filter>Resource Files</Filter>
    </CustomBuild>
    <CustomBuild Include="res\FLARE3.BMP">
      <Filter>Resource Files</Filter>
    </CustomBuild>
    <CustomBuild Include="res\FLARE4.BMP">
      <Filter>Resource Files</Filter>
    </CustomBuild>
    <CustomBuild Include="res\FLARE5.BMP">
      <Filter>Resource Files</Filter>
    </CustomBuild>
    <CustomBuild Include="res\FLARE6.BMP">
      <Filter>Resource Files</Filter>
    </CustomBuild>
    <CustomBuild Include="res\FLARE7.bmp">
      <Filter>Resource Files</Filter>
    </CustomBuild>
    <CustomBuild Include="res\FLARE8.bmp">
      <Filter>Resource Files</Filter>
    </CustomBuild>
    <CustomBuild Include="res\Frame.bmp">
      <Filter>Resource Files</Filter>
    </CustomBuild>
    <CustomBuild Include="res\play.bmp">
      <Filter>Resource Files</Filter>
    </CustomBuild>
    <CustomBuild Include="res\SHINE1.bmp">
      <Filter>Resource Files</Filter>
    </CustomBuild>
    <CustomBuild Include="res\SHINE2.bmp">
      <Filter>Resource Files</Filter>
    </CustomBuild>
    <CustomBuild Include="res\SHINE3.bmp">
      <Filter>Resource Files</Filter>
    </CustomBuild>
    <CustomBuild Include="res\SHINE4.bmp">
      <Filter>Resource Files</Filter>
    </CustomBuild>
    <CustomBuild Include="res\SHINE5.bmp">
      <Filter>Resource Files</Filter>
    </CustomBuild>
    <CustomBuild Include="res\SHINE6.bmp">
      <Filter>Resource Files</Filter>
    </CustomBuild>
    <CustomBuild Include="res\stop.bmp">
      <Filter>Resource Files</Filter>
    </CustomBuild>
    <CustomBuild Include="res\trans.bmp">
      <Filter>Resource Files</Filter>
    </CustomBuild>
    <CustomBuild Include="Res\vmrsample.ico">
      <Filter>Resource Files</Filter>
    </CustomBuild>
  </ItemGroup>
</Project>